// !$*UTF8*$!
{
	archiveVersion = 1;
	classes = {
	};
	objectVersion = 45;
	objects = {

/* Begin PBXBuildFile section */
		1D3623260D0F684500981E51 /* MGOVAppDelegate.m in Sources */ = {isa = PBXBuildFile; fileRef = 1D3623250D0F684500981E51 /* MGOVAppDelegate.m */; };
		1D60589B0D05DD56006BFB54 /* main.m in Sources */ = {isa = PBXBuildFile; fileRef = 29B97316FDCFA39411CA2CEA /* main.m */; };
		1D60589F0D05DD5A006BFB54 /* Foundation.framework in Frameworks */ = {isa = PBXBuildFile; fileRef = 1D30AB110D05D00D00671497 /* Foundation.framework */; };
		1DF5F4E00D08C38300B7A737 /* UIKit.framework in Frameworks */ = {isa = PBXBuildFile; fileRef = 1DF5F4DF0D08C38300B7A737 /* UIKit.framework */; };
		288765FD0DF74451002DB57D /* CoreGraphics.framework in Frameworks */ = {isa = PBXBuildFile; fileRef = 288765FC0DF74451002DB57D /* CoreGraphics.framework */; };
		28AD733F0D9D9553002E5188 /* MainWindow.xib in Resources */ = {isa = PBXBuildFile; fileRef = 28AD733E0D9D9553002E5188 /* MainWindow.xib */; };
		2A097062122B60200048D841 /* QuartzCore.framework in Frameworks */ = {isa = PBXBuildFile; fileRef = 2A097061122B60200048D841 /* QuartzCore.framework */; };
		2A0974F4122BC7270048D841 /* LocationSelectorViewController.m in Sources */ = {isa = PBXBuildFile; fileRef = 2A0974F2122BC7270048D841 /* LocationSelectorViewController.m */; };
		2A0974F5122BC7270048D841 /* LocationSelectorViewController.xib in Resources */ = {isa = PBXBuildFile; fileRef = 2A0974F3122BC7270048D841 /* LocationSelectorViewController.xib */; };
		2A4CD56D1240FDA000991E98 /* SystemConfiguration.framework in Frameworks */ = {isa = PBXBuildFile; fileRef = 2A4CD56C1240FDA000991E98 /* SystemConfiguration.framework */; };
		2A560EA71226A60A00F3800F /* CoreData.framework in Frameworks */ = {isa = PBXBuildFile; fileRef = 2A560EA61226A60A00F3800F /* CoreData.framework */; };
		2A560ED41226A6E700F3800F /* MGOVGeocoder.m in Sources */ = {isa = PBXBuildFile; fileRef = 2A560ED31226A6E700F3800F /* MGOVGeocoder.m */; };
		2A79AC231223FB7C00F140A2 /* CaseAddViewController.m in Sources */ = {isa = PBXBuildFile; fileRef = 2A79AC1D1223FB7C00F140A2 /* CaseAddViewController.m */; };
		2A79AC241223FB7C00F140A2 /* CaseAddViewController.xib in Resources */ = {isa = PBXBuildFile; fileRef = 2A79AC1F1223FB7C00F140A2 /* CaseAddViewController.xib */; };
		2AE35A181226B02F00B37A4B /* MapKit.framework in Frameworks */ = {isa = PBXBuildFile; fileRef = 2AE35A171226B02F00B37A4B /* MapKit.framework */; };
		2AE48A871240AE37005547F3 /* CaseAddTempInformation.plist in Resources */ = {isa = PBXBuildFile; fileRef = 2AE48A861240AE37005547F3 /* CaseAddTempInformation.plist */; };
		2AEBA5EA1225FE95000A4D21 /* CoreLocation.framework in Frameworks */ = {isa = PBXBuildFile; fileRef = 2AEBA5E91225FE95000A4D21 /* CoreLocation.framework */; };
		2AEBFCD3124B22FF0047B3E6 /* ASIAuthenticationDialog.m in Sources */ = {isa = PBXBuildFile; fileRef = 2AEBFCC2124B22FF0047B3E6 /* ASIAuthenticationDialog.m */; };
		2AEBFCD4124B22FF0047B3E6 /* ASIDownloadCache.m in Sources */ = {isa = PBXBuildFile; fileRef = 2AEBFCC5124B22FF0047B3E6 /* ASIDownloadCache.m */; };
		2AEBFCD5124B22FF0047B3E6 /* ASIFormDataRequest.m in Sources */ = {isa = PBXBuildFile; fileRef = 2AEBFCC7124B22FF0047B3E6 /* ASIFormDataRequest.m */; };
		2AEBFCD6124B22FF0047B3E6 /* ASIHTTPRequest.m in Sources */ = {isa = PBXBuildFile; fileRef = 2AEBFCC9124B22FF0047B3E6 /* ASIHTTPRequest.m */; };
		2AEBFCD7124B22FF0047B3E6 /* ASIInputStream.m in Sources */ = {isa = PBXBuildFile; fileRef = 2AEBFCCD124B22FF0047B3E6 /* ASIInputStream.m */; };
		2AEBFCD8124B22FF0047B3E6 /* ASINetworkQueue.m in Sources */ = {isa = PBXBuildFile; fileRef = 2AEBFCCF124B22FF0047B3E6 /* ASINetworkQueue.m */; };
		2AEBFCD9124B22FF0047B3E6 /* Reachability.m in Sources */ = {isa = PBXBuildFile; fileRef = 2AEBFCD2124B22FF0047B3E6 /* Reachability.m */; };
		2AEBFD00124B25270047B3E6 /* MobileCoreServices.framework in Frameworks */ = {isa = PBXBuildFile; fileRef = 2AEBFCFF124B25270047B3E6 /* MobileCoreServices.framework */; };
		2AEBFD03124B25410047B3E6 /* libz.1.2.3.dylib in Frameworks */ = {isa = PBXBuildFile; fileRef = 2AEBFD02124B25410047B3E6 /* libz.1.2.3.dylib */; };
		603027CB1336069600EC9FEE /* JSONKit.m in Sources */ = {isa = PBXBuildFile; fileRef = 603027CA1336069600EC9FEE /* JSONKit.m */; };
		7E7FE9711334F24100078EB0 /* Facebook.m in Sources */ = {isa = PBXBuildFile; fileRef = 7E7FE96D1334F24100078EB0 /* Facebook.m */; };
		7E7FE9721334F24100078EB0 /* FBDialog.m in Sources */ = {isa = PBXBuildFile; fileRef = 7E7FE96E1334F24100078EB0 /* FBDialog.m */; };
		7E7FE9731334F24100078EB0 /* FBLoginDialog.m in Sources */ = {isa = PBXBuildFile; fileRef = 7E7FE96F1334F24100078EB0 /* FBLoginDialog.m */; };
		7E7FE9741334F24100078EB0 /* FBRequest.m in Sources */ = {isa = PBXBuildFile; fileRef = 7E7FE9701334F24100078EB0 /* FBRequest.m */; };
		FE070CE61280045F00809E0D /* Default.png in Resources */ = {isa = PBXBuildFile; fileRef = FE070CE41280045F00809E0D /* Default.png */; };
		FE070CE71280045F00809E0D /* Default@2x.png in Resources */ = {isa = PBXBuildFile; fileRef = FE070CE51280045F00809E0D /* Default@2x.png */; };
		FE174735122D276400641599 /* PhotoPickerTableCell.m in Sources */ = {isa = PBXBuildFile; fileRef = FE174734122D276400641599 /* PhotoPickerTableCell.m */; };
		FE1747A9122D2D6B00641599 /* LocationSelectorTableCell.m in Sources */ = {isa = PBXBuildFile; fileRef = FE1747A8122D2D6B00641599 /* LocationSelectorTableCell.m */; };
		FE1747DD122D303500641599 /* NameFieldTableCell.m in Sources */ = {isa = PBXBuildFile; fileRef = FE1747DC122D303500641599 /* NameFieldTableCell.m */; };
		FE174803122D329C00641599 /* DescriptionTableCell.m in Sources */ = {isa = PBXBuildFile; fileRef = FE174802122D329C00641599 /* DescriptionTableCell.m */; };
		FE34EB38126238B800F1EEC2 /* orange_pin.png in Resources */ = {isa = PBXBuildFile; fileRef = FE34EB36126238B800F1EEC2 /* orange_pin.png */; };
		FE34EB39126238B800F1EEC2 /* orange_pin@2x.png in Resources */ = {isa = PBXBuildFile; fileRef = FE34EB37126238B800F1EEC2 /* orange_pin@2x.png */; };
		FE3FFE14122F7904008B0E48 /* CaseViewerViewController.m in Sources */ = {isa = PBXBuildFile; fileRef = FE3FFE12122F7904008B0E48 /* CaseViewerViewController.m */; };
		FE3FFE15122F7904008B0E48 /* CaseViewerViewController.xib in Resources */ = {isa = PBXBuildFile; fileRef = FE3FFE13122F7904008B0E48 /* CaseViewerViewController.xib */; };
		FE4628A21257664200936914 /* PrefViewController.m in Sources */ = {isa = PBXBuildFile; fileRef = FE4628A01257664200936914 /* PrefViewController.m */; };
		FE4628A31257664200936914 /* PrefViewController.xib in Resources */ = {isa = PBXBuildFile; fileRef = FE4628A11257664200936914 /* PrefViewController.xib */; };
		FE4628F4125773CB00936914 /* myCase.png in Resources */ = {isa = PBXBuildFile; fileRef = FE4628EE125773CB00936914 /* myCase.png */; };
		FE4628F5125773CB00936914 /* myCase@2x.png in Resources */ = {isa = PBXBuildFile; fileRef = FE4628EF125773CB00936914 /* myCase@2x.png */; };
		FE4628F6125773CB00936914 /* pref.png in Resources */ = {isa = PBXBuildFile; fileRef = FE4628F0125773CB00936914 /* pref.png */; };
		FE4628F7125773CB00936914 /* pref@2x.png in Resources */ = {isa = PBXBuildFile; fileRef = FE4628F1125773CB00936914 /* pref@2x.png */; };
		FE4628F8125773CB00936914 /* query.png in Resources */ = {isa = PBXBuildFile; fileRef = FE4628F2125773CB00936914 /* query.png */; };
		FE4628F9125773CB00936914 /* query@2x.png in Resources */ = {isa = PBXBuildFile; fileRef = FE4628F3125773CB00936914 /* query@2x.png */; };
		FE4629001257754000936914 /* fail.png in Resources */ = {isa = PBXBuildFile; fileRef = FE4628FA1257754000936914 /* fail.png */; };
		FE4629011257754000936914 /* fail@2x.png in Resources */ = {isa = PBXBuildFile; fileRef = FE4628FB1257754000936914 /* fail@2x.png */; };
		FE4629021257754000936914 /* ok.png in Resources */ = {isa = PBXBuildFile; fileRef = FE4628FC1257754000936914 /* ok.png */; };
		FE4629031257754000936914 /* ok@2x.png in Resources */ = {isa = PBXBuildFile; fileRef = FE4628FD1257754000936914 /* ok@2x.png */; };
		FE4629041257754000936914 /* unknown.png in Resources */ = {isa = PBXBuildFile; fileRef = FE4628FE1257754000936914 /* unknown.png */; };
		FE4629051257754000936914 /* unknown@2x.png in Resources */ = {isa = PBXBuildFile; fileRef = FE4628FF1257754000936914 /* unknown@2x.png */; };
		FE46290A125775DE00936914 /* next.png in Resources */ = {isa = PBXBuildFile; fileRef = FE462906125775DE00936914 /* next.png */; };
		FE46290B125775DE00936914 /* next@2x.png in Resources */ = {isa = PBXBuildFile; fileRef = FE462907125775DE00936914 /* next@2x.png */; };
		FE46290C125775DE00936914 /* previous.png in Resources */ = {isa = PBXBuildFile; fileRef = FE462908125775DE00936914 /* previous.png */; };
		FE46290D125775DE00936914 /* previous@2x.png in Resources */ = {isa = PBXBuildFile; fileRef = FE462909125775DE00936914 /* previous@2x.png */; };
		FE462910125776F800936914 /* NoMyCase.png in Resources */ = {isa = PBXBuildFile; fileRef = FE46290E125776F800936914 /* NoMyCase.png */; };
		FE462911125776F800936914 /* NoMyCase@2x.png in Resources */ = {isa = PBXBuildFile; fileRef = FE46290F125776F800936914 /* NoMyCase@2x.png */; };
		FE4D13B91264BA0900B3E415 /* Icon-72.png in Resources */ = {isa = PBXBuildFile; fileRef = FE4D13B31264BA0900B3E415 /* Icon-72.png */; };
		FE4D13BA1264BA0900B3E415 /* Icon-Small-50.png in Resources */ = {isa = PBXBuildFile; fileRef = FE4D13B41264BA0900B3E415 /* Icon-Small-50.png */; };
		FE4D13BB1264BA0900B3E415 /* Icon-Small.png in Resources */ = {isa = PBXBuildFile; fileRef = FE4D13B51264BA0900B3E415 /* Icon-Small.png */; };
		FE4D13BC1264BA0900B3E415 /* Icon-Small@2x.png in Resources */ = {isa = PBXBuildFile; fileRef = FE4D13B61264BA0900B3E415 /* Icon-Small@2x.png */; };
		FE4D13BD1264BA0900B3E415 /* Icon.png in Resources */ = {isa = PBXBuildFile; fileRef = FE4D13B71264BA0900B3E415 /* Icon.png */; };
		FE4D13BE1264BA0900B3E415 /* Icon@2x.png in Resources */ = {isa = PBXBuildFile; fileRef = FE4D13B81264BA0900B3E415 /* Icon@2x.png */; };
		FE4D13C01264BA1200B3E415 /* iTunesArtwork in Resources */ = {isa = PBXBuildFile; fileRef = FE4D13BF1264BA1200B3E415 /* iTunesArtwork */; };
		FE4EE76F1223F68F00737028 /* reportDetails.plist in Resources */ = {isa = PBXBuildFile; fileRef = FE4EE76A1223F68F00737028 /* reportDetails.plist */; };
		FE4EE7701223F68F00737028 /* reportQid.plist in Resources */ = {isa = PBXBuildFile; fileRef = FE4EE76B1223F68F00737028 /* reportQid.plist */; };
		FE4EE7711223F68F00737028 /* reportSecondDetails.plist in Resources */ = {isa = PBXBuildFile; fileRef = FE4EE76C1223F68F00737028 /* reportSecondDetails.plist */; };
		FE4EE7721223F68F00737028 /* reportSections.plist in Resources */ = {isa = PBXBuildFile; fileRef = FE4EE76D1223F68F00737028 /* reportSections.plist */; };
		FE4EE7731223F68F00737028 /* reportTypes.plist in Resources */ = {isa = PBXBuildFile; fileRef = FE4EE76E1223F68F00737028 /* reportTypes.plist */; };
		FE4EE77A1223F6D100737028 /* DetailViewController.m in Sources */ = {isa = PBXBuildFile; fileRef = FE4EE7751223F6D100737028 /* DetailViewController.m */; };
		FE4EE77B1223F6D100737028 /* SecondDetailViewController.m in Sources */ = {isa = PBXBuildFile; fileRef = FE4EE7771223F6D100737028 /* SecondDetailViewController.m */; };
		FE4EE77C1223F6D100737028 /* TypesViewController.m in Sources */ = {isa = PBXBuildFile; fileRef = FE4EE7791223F6D100737028 /* TypesViewController.m */; };
		FE74CC551258ADED00267C80 /* EditibleTextFieldCell.m in Sources */ = {isa = PBXBuildFile; fileRef = FE74CC541258ADED00267C80 /* EditibleTextFieldCell.m */; };
		FE7D048312352AA5007FA0A1 /* QidToType.plist in Resources */ = {isa = PBXBuildFile; fileRef = FE7D048212352AA5007FA0A1 /* QidToType.plist */; };
		FE8473FA12A60FB80040086D /* NetworkChecking.m in Sources */ = {isa = PBXBuildFile; fileRef = FE8473F912A60FB80040086D /* NetworkChecking.m */; };
		FE88284212839C7A0057F224 /* libGoogleAnalytics.a in Frameworks */ = {isa = PBXBuildFile; fileRef = FE88284112839C7A0057F224 /* libGoogleAnalytics.a */; };
		FE88284812839EA40057F224 /* libsqlite3.0.dylib in Frameworks */ = {isa = PBXBuildFile; fileRef = FE88284712839EA40057F224 /* libsqlite3.0.dylib */; };
		FE8828751283FB4A0057F224 /* GoogleAnalytics.m in Sources */ = {isa = PBXBuildFile; fileRef = FE8828741283FB4A0057F224 /* GoogleAnalytics.m */; };
		FE882C9E128906DF0057F224 /* ListViewController.m in Sources */ = {isa = PBXBuildFile; fileRef = FE882C9D128906DF0057F224 /* ListViewController.m */; };
		FE8BF5191250D6FC009498CA /* CFNetwork.framework in Frameworks */ = {isa = PBXBuildFile; fileRef = FE8BF5181250D6FC009498CA /* CFNetwork.framework */; };
		FEA07F9812A3E8BF00536C9B /* EGORefreshTableHeaderView.m in Sources */ = {isa = PBXBuildFile; fileRef = FEA07F9712A3E8BF00536C9B /* EGORefreshTableHeaderView.m */; };
		FEA07F9C12A3E8EA00536C9B /* blueArrow.png in Resources */ = {isa = PBXBuildFile; fileRef = FEA07F9A12A3E8EA00536C9B /* blueArrow.png */; };
		FEA07F9D12A3E8EA00536C9B /* blueArrow@2x.png in Resources */ = {isa = PBXBuildFile; fileRef = FEA07F9B12A3E8EA00536C9B /* blueArrow@2x.png */; };
		FEB39A5C1237EF70007359AB /* QueryGoogleAppEngine.m in Sources */ = {isa = PBXBuildFile; fileRef = FEB39A5B1237EF70007359AB /* QueryGoogleAppEngine.m */; };
		FEB39BD212388842007359AB /* MyCaseViewController.m in Sources */ = {isa = PBXBuildFile; fileRef = FEB39BD112388842007359AB /* MyCaseViewController.m */; };
		FEB39CA412389597007359AB /* HybridViewController.m in Sources */ = {isa = PBXBuildFile; fileRef = FEB39CA312389597007359AB /* HybridViewController.m */; };
		FEB39FE71238CF32007359AB /* QueryViewController.m in Sources */ = {isa = PBXBuildFile; fileRef = FEB39FE61238CF32007359AB /* QueryViewController.m */; };
		FEB7C7FF12557EBD00436BB2 /* CaseSelectorViewController.m in Sources */ = {isa = PBXBuildFile; fileRef = FEB7C7FE12557EBD00436BB2 /* CaseSelectorViewController.m */; };
		FEBF3E9B12E562B500C65852 /* IconCell.m in Sources */ = {isa = PBXBuildFile; fileRef = FEBF3E9912E562B500C65852 /* IconCell.m */; };
		FEC679CE126EEB37000AF355 /* DetailViewController.xib in Resources */ = {isa = PBXBuildFile; fileRef = FEC679CB126EEB37000AF355 /* DetailViewController.xib */; };
		FEC679CF126EEB37000AF355 /* SecondDetailViewController.xib in Resources */ = {isa = PBXBuildFile; fileRef = FEC679CC126EEB37000AF355 /* SecondDetailViewController.xib */; };
		FEC679D0126EEB37000AF355 /* TypesViewController.xib in Resources */ = {isa = PBXBuildFile; fileRef = FEC679CD126EEB37000AF355 /* TypesViewController.xib */; };
		FEE81538122791BF00D82E46 /* AppMKAnnotation.m in Sources */ = {isa = PBXBuildFile; fileRef = FEE81537122791BF00D82E46 /* AppMKAnnotation.m */; };
		FEE907DE1251C95400A1CBAF /* LoadingOverlayView.m in Sources */ = {isa = PBXBuildFile; fileRef = FEE907DD1251C95400A1CBAF /* LoadingOverlayView.m */; };
		FEEB1FEE12392E6B00B24560 /* CaseSelectorCell.m in Sources */ = {isa = PBXBuildFile; fileRef = FEEB1FED12392E6B00B24560 /* CaseSelectorCell.m */; };
		FEF0D2C01230CACA000317C5 /* AppClassExtension.m in Sources */ = {isa = PBXBuildFile; fileRef = FEF0D2BF1230CACA000317C5 /* AppClassExtension.m */; };
/* End PBXBuildFile section */

/* Begin PBXFileReference section */
		1D30AB110D05D00D00671497 /* Foundation.framework */ = {isa = PBXFileReference; lastKnownFileType = wrapper.framework; name = Foundation.framework; path = System/Library/Frameworks/Foundation.framework; sourceTree = SDKROOT; };
		1D3623240D0F684500981E51 /* MGOVAppDelegate.h */ = {isa = PBXFileReference; fileEncoding = 4; lastKnownFileType = sourcecode.c.h; path = MGOVAppDelegate.h; sourceTree = "<group>"; };
		1D3623250D0F684500981E51 /* MGOVAppDelegate.m */ = {isa = PBXFileReference; fileEncoding = 4; lastKnownFileType = sourcecode.c.objc; path = MGOVAppDelegate.m; sourceTree = "<group>"; };
		1D6058910D05DD3D006BFB54 /* MGOV.app */ = {isa = PBXFileReference; explicitFileType = wrapper.application; includeInIndex = 0; path = MGOV.app; sourceTree = BUILT_PRODUCTS_DIR; };
		1DF5F4DF0D08C38300B7A737 /* UIKit.framework */ = {isa = PBXFileReference; lastKnownFileType = wrapper.framework; name = UIKit.framework; path = System/Library/Frameworks/UIKit.framework; sourceTree = SDKROOT; };
		288765FC0DF74451002DB57D /* CoreGraphics.framework */ = {isa = PBXFileReference; lastKnownFileType = wrapper.framework; name = CoreGraphics.framework; path = System/Library/Frameworks/CoreGraphics.framework; sourceTree = SDKROOT; };
		28AD733E0D9D9553002E5188 /* MainWindow.xib */ = {isa = PBXFileReference; lastKnownFileType = file.xib; path = MainWindow.xib; sourceTree = "<group>"; };
		29B97316FDCFA39411CA2CEA /* main.m */ = {isa = PBXFileReference; fileEncoding = 4; lastKnownFileType = sourcecode.c.objc; path = main.m; sourceTree = "<group>"; };
		2A097061122B60200048D841 /* QuartzCore.framework */ = {isa = PBXFileReference; lastKnownFileType = wrapper.framework; name = QuartzCore.framework; path = System/Library/Frameworks/QuartzCore.framework; sourceTree = SDKROOT; };
		2A0974F1122BC7270048D841 /* LocationSelectorViewController.h */ = {isa = PBXFileReference; fileEncoding = 4; lastKnownFileType = sourcecode.c.h; path = LocationSelectorViewController.h; sourceTree = "<group>"; };
		2A0974F2122BC7270048D841 /* LocationSelectorViewController.m */ = {isa = PBXFileReference; fileEncoding = 4; lastKnownFileType = sourcecode.c.objc; path = LocationSelectorViewController.m; sourceTree = "<group>"; };
		2A0974F3122BC7270048D841 /* LocationSelectorViewController.xib */ = {isa = PBXFileReference; lastKnownFileType = file.xib; name = LocationSelectorViewController.xib; path = Classes/LocationSelectorViewController.xib; sourceTree = "<group>"; };
		2A4CD56C1240FDA000991E98 /* SystemConfiguration.framework */ = {isa = PBXFileReference; lastKnownFileType = wrapper.framework; name = SystemConfiguration.framework; path = /System/Library/Frameworks/SystemConfiguration.framework; sourceTree = "<absolute>"; };
		2A560EA61226A60A00F3800F /* CoreData.framework */ = {isa = PBXFileReference; lastKnownFileType = wrapper.framework; name = CoreData.framework; path = System/Library/Frameworks/CoreData.framework; sourceTree = SDKROOT; };
		2A560ED21226A6E700F3800F /* MGOVGeocoder.h */ = {isa = PBXFileReference; fileEncoding = 4; lastKnownFileType = sourcecode.c.h; path = MGOVGeocoder.h; sourceTree = "<group>"; };
		2A560ED31226A6E700F3800F /* MGOVGeocoder.m */ = {isa = PBXFileReference; fileEncoding = 4; lastKnownFileType = sourcecode.c.objc; path = MGOVGeocoder.m; sourceTree = "<group>"; };
		2A79AC1D1223FB7C00F140A2 /* CaseAddViewController.m */ = {isa = PBXFileReference; fileEncoding = 4; lastKnownFileType = sourcecode.c.objc; path = CaseAddViewController.m; sourceTree = "<group>"; };
		2A79AC1E1223FB7C00F140A2 /* CaseAddViewController.h */ = {isa = PBXFileReference; fileEncoding = 4; lastKnownFileType = sourcecode.c.h; path = CaseAddViewController.h; sourceTree = "<group>"; };
		2A79AC1F1223FB7C00F140A2 /* CaseAddViewController.xib */ = {isa = PBXFileReference; lastKnownFileType = file.xib; name = CaseAddViewController.xib; path = Classes/CaseAddViewController.xib; sourceTree = "<group>"; };
		2AE35A171226B02F00B37A4B /* MapKit.framework */ = {isa = PBXFileReference; lastKnownFileType = wrapper.framework; name = MapKit.framework; path = System/Library/Frameworks/MapKit.framework; sourceTree = SDKROOT; };
		2AE48A861240AE37005547F3 /* CaseAddTempInformation.plist */ = {isa = PBXFileReference; fileEncoding = 4; lastKnownFileType = text.plist.xml; path = CaseAddTempInformation.plist; sourceTree = "<group>"; };
		2AEBA5E91225FE95000A4D21 /* CoreLocation.framework */ = {isa = PBXFileReference; lastKnownFileType = wrapper.framework; name = CoreLocation.framework; path = System/Library/Frameworks/CoreLocation.framework; sourceTree = SDKROOT; };
		2AEBFCC1124B22FF0047B3E6 /* ASIAuthenticationDialog.h */ = {isa = PBXFileReference; fileEncoding = 4; lastKnownFileType = sourcecode.c.h; path = ASIAuthenticationDialog.h; sourceTree = "<group>"; };
		2AEBFCC2124B22FF0047B3E6 /* ASIAuthenticationDialog.m */ = {isa = PBXFileReference; fileEncoding = 4; lastKnownFileType = sourcecode.c.objc; path = ASIAuthenticationDialog.m; sourceTree = "<group>"; };
		2AEBFCC3124B22FF0047B3E6 /* ASICacheDelegate.h */ = {isa = PBXFileReference; fileEncoding = 4; lastKnownFileType = sourcecode.c.h; path = ASICacheDelegate.h; sourceTree = "<group>"; };
		2AEBFCC4124B22FF0047B3E6 /* ASIDownloadCache.h */ = {isa = PBXFileReference; fileEncoding = 4; lastKnownFileType = sourcecode.c.h; path = ASIDownloadCache.h; sourceTree = "<group>"; };
		2AEBFCC5124B22FF0047B3E6 /* ASIDownloadCache.m */ = {isa = PBXFileReference; fileEncoding = 4; lastKnownFileType = sourcecode.c.objc; path = ASIDownloadCache.m; sourceTree = "<group>"; };
		2AEBFCC6124B22FF0047B3E6 /* ASIFormDataRequest.h */ = {isa = PBXFileReference; fileEncoding = 4; lastKnownFileType = sourcecode.c.h; path = ASIFormDataRequest.h; sourceTree = "<group>"; };
		2AEBFCC7124B22FF0047B3E6 /* ASIFormDataRequest.m */ = {isa = PBXFileReference; fileEncoding = 4; lastKnownFileType = sourcecode.c.objc; path = ASIFormDataRequest.m; sourceTree = "<group>"; };
		2AEBFCC8124B22FF0047B3E6 /* ASIHTTPRequest.h */ = {isa = PBXFileReference; fileEncoding = 4; lastKnownFileType = sourcecode.c.h; path = ASIHTTPRequest.h; sourceTree = "<group>"; };
		2AEBFCC9124B22FF0047B3E6 /* ASIHTTPRequest.m */ = {isa = PBXFileReference; fileEncoding = 4; lastKnownFileType = sourcecode.c.objc; path = ASIHTTPRequest.m; sourceTree = "<group>"; };
		2AEBFCCA124B22FF0047B3E6 /* ASIHTTPRequestConfig.h */ = {isa = PBXFileReference; fileEncoding = 4; lastKnownFileType = sourcecode.c.h; path = ASIHTTPRequestConfig.h; sourceTree = "<group>"; };
		2AEBFCCB124B22FF0047B3E6 /* ASIHTTPRequestDelegate.h */ = {isa = PBXFileReference; fileEncoding = 4; lastKnownFileType = sourcecode.c.h; path = ASIHTTPRequestDelegate.h; sourceTree = "<group>"; };
		2AEBFCCC124B22FF0047B3E6 /* ASIInputStream.h */ = {isa = PBXFileReference; fileEncoding = 4; lastKnownFileType = sourcecode.c.h; path = ASIInputStream.h; sourceTree = "<group>"; };
		2AEBFCCD124B22FF0047B3E6 /* ASIInputStream.m */ = {isa = PBXFileReference; fileEncoding = 4; lastKnownFileType = sourcecode.c.objc; path = ASIInputStream.m; sourceTree = "<group>"; };
		2AEBFCCE124B22FF0047B3E6 /* ASINetworkQueue.h */ = {isa = PBXFileReference; fileEncoding = 4; lastKnownFileType = sourcecode.c.h; path = ASINetworkQueue.h; sourceTree = "<group>"; };
		2AEBFCCF124B22FF0047B3E6 /* ASINetworkQueue.m */ = {isa = PBXFileReference; fileEncoding = 4; lastKnownFileType = sourcecode.c.objc; path = ASINetworkQueue.m; sourceTree = "<group>"; };
		2AEBFCD0124B22FF0047B3E6 /* ASIProgressDelegate.h */ = {isa = PBXFileReference; fileEncoding = 4; lastKnownFileType = sourcecode.c.h; path = ASIProgressDelegate.h; sourceTree = "<group>"; };
		2AEBFCD1124B22FF0047B3E6 /* Reachability.h */ = {isa = PBXFileReference; fileEncoding = 4; lastKnownFileType = sourcecode.c.h; path = Reachability.h; sourceTree = "<group>"; };
		2AEBFCD2124B22FF0047B3E6 /* Reachability.m */ = {isa = PBXFileReference; fileEncoding = 4; lastKnownFileType = sourcecode.c.objc; path = Reachability.m; sourceTree = "<group>"; };
		2AEBFCFF124B25270047B3E6 /* MobileCoreServices.framework */ = {isa = PBXFileReference; lastKnownFileType = wrapper.framework; name = MobileCoreServices.framework; path = System/Library/Frameworks/MobileCoreServices.framework; sourceTree = SDKROOT; };
		2AEBFD02124B25410047B3E6 /* libz.1.2.3.dylib */ = {isa = PBXFileReference; lastKnownFileType = "compiled.mach-o.dylib"; name = libz.1.2.3.dylib; path = usr/lib/libz.1.2.3.dylib; sourceTree = SDKROOT; };
		32CA4F630368D1EE00C91783 /* MGOV_Prefix.pch */ = {isa = PBXFileReference; fileEncoding = 4; lastKnownFileType = sourcecode.c.h; path = MGOV_Prefix.pch; sourceTree = "<group>"; };
		603027C91336069600EC9FEE /* JSONKit.h */ = {isa = PBXFileReference; fileEncoding = 4; lastKnownFileType = sourcecode.c.h; name = JSONKit.h; path = ../../../JSONKit/JSONKit.h; sourceTree = SOURCE_ROOT; };
		603027CA1336069600EC9FEE /* JSONKit.m */ = {isa = PBXFileReference; fileEncoding = 4; lastKnownFileType = sourcecode.c.objc; name = JSONKit.m; path = ../../../JSONKit/JSONKit.m; sourceTree = SOURCE_ROOT; };
		7E7FE9671334F24100078EB0 /* Facebook.h */ = {isa = PBXFileReference; fileEncoding = 4; lastKnownFileType = sourcecode.c.h; path = Facebook.h; sourceTree = "<group>"; };
		7E7FE9681334F24100078EB0 /* FBConnect.h */ = {isa = PBXFileReference; fileEncoding = 4; lastKnownFileType = sourcecode.c.h; path = FBConnect.h; sourceTree = "<group>"; };
		7E7FE9691334F24100078EB0 /* FBDialog.h */ = {isa = PBXFileReference; fileEncoding = 4; lastKnownFileType = sourcecode.c.h; path = FBDialog.h; sourceTree = "<group>"; };
		7E7FE96A1334F24100078EB0 /* FBLoginDialog.h */ = {isa = PBXFileReference; fileEncoding = 4; lastKnownFileType = sourcecode.c.h; path = FBLoginDialog.h; sourceTree = "<group>"; };
		7E7FE96B1334F24100078EB0 /* FBRequest.h */ = {isa = PBXFileReference; fileEncoding = 4; lastKnownFileType = sourcecode.c.h; path = FBRequest.h; sourceTree = "<group>"; };
		7E7FE96C1334F24100078EB0 /* facebook_ios_sdk_Prefix.pch */ = {isa = PBXFileReference; fileEncoding = 4; lastKnownFileType = sourcecode.c.h; path = facebook_ios_sdk_Prefix.pch; sourceTree = "<group>"; };
		7E7FE96D1334F24100078EB0 /* Facebook.m */ = {isa = PBXFileReference; fileEncoding = 4; lastKnownFileType = sourcecode.c.objc; path = Facebook.m; sourceTree = "<group>"; };
		7E7FE96E1334F24100078EB0 /* FBDialog.m */ = {isa = PBXFileReference; fileEncoding = 4; lastKnownFileType = sourcecode.c.objc; path = FBDialog.m; sourceTree = "<group>"; };
		7E7FE96F1334F24100078EB0 /* FBLoginDialog.m */ = {isa = PBXFileReference; fileEncoding = 4; lastKnownFileType = sourcecode.c.objc; path = FBLoginDialog.m; sourceTree = "<group>"; };
		7E7FE9701334F24100078EB0 /* FBRequest.m */ = {isa = PBXFileReference; fileEncoding = 4; lastKnownFileType = sourcecode.c.objc; path = FBRequest.m; sourceTree = "<group>"; };
		8D1107310486CEB800E47090 /* MGOV-Info.plist */ = {isa = PBXFileReference; fileEncoding = 4; lastKnownFileType = text.plist.xml; path = "MGOV-Info.plist"; plistStructureDefinitionIdentifier = "com.apple.xcode.plist.structure-definition.iphone.info-plist"; sourceTree = "<group>"; };
		FE070CE41280045F00809E0D /* Default.png */ = {isa = PBXFileReference; lastKnownFileType = image.png; path = Default.png; sourceTree = "<group>"; };
		FE070CE51280045F00809E0D /* Default@2x.png */ = {isa = PBXFileReference; lastKnownFileType = image.png; path = "Default@2x.png"; sourceTree = "<group>"; };
		FE174733122D276400641599 /* PhotoPickerTableCell.h */ = {isa = PBXFileReference; fileEncoding = 4; lastKnownFileType = sourcecode.c.h; path = PhotoPickerTableCell.h; sourceTree = "<group>"; };
		FE174734122D276400641599 /* PhotoPickerTableCell.m */ = {isa = PBXFileReference; fileEncoding = 4; lastKnownFileType = sourcecode.c.objc; path = PhotoPickerTableCell.m; sourceTree = "<group>"; };
		FE1747A7122D2D6B00641599 /* LocationSelectorTableCell.h */ = {isa = PBXFileReference; fileEncoding = 4; lastKnownFileType = sourcecode.c.h; path = LocationSelectorTableCell.h; sourceTree = "<group>"; };
		FE1747A8122D2D6B00641599 /* LocationSelectorTableCell.m */ = {isa = PBXFileReference; fileEncoding = 4; lastKnownFileType = sourcecode.c.objc; path = LocationSelectorTableCell.m; sourceTree = "<group>"; };
		FE1747DB122D303500641599 /* NameFieldTableCell.h */ = {isa = PBXFileReference; fileEncoding = 4; lastKnownFileType = sourcecode.c.h; path = NameFieldTableCell.h; sourceTree = "<group>"; };
		FE1747DC122D303500641599 /* NameFieldTableCell.m */ = {isa = PBXFileReference; fileEncoding = 4; lastKnownFileType = sourcecode.c.objc; path = NameFieldTableCell.m; sourceTree = "<group>"; };
		FE174801122D329C00641599 /* DescriptionTableCell.h */ = {isa = PBXFileReference; fileEncoding = 4; lastKnownFileType = sourcecode.c.h; path = DescriptionTableCell.h; sourceTree = "<group>"; };
		FE174802122D329C00641599 /* DescriptionTableCell.m */ = {isa = PBXFileReference; fileEncoding = 4; lastKnownFileType = sourcecode.c.objc; path = DescriptionTableCell.m; sourceTree = "<group>"; };
		FE1E82591226A54000973DA4 /* TypeSelectorDelegateProtocol.h */ = {isa = PBXFileReference; fileEncoding = 4; lastKnownFileType = sourcecode.c.h; path = TypeSelectorDelegateProtocol.h; sourceTree = "<group>"; };
		FE34EB36126238B800F1EEC2 /* orange_pin.png */ = {isa = PBXFileReference; lastKnownFileType = image.png; path = orange_pin.png; sourceTree = "<group>"; };
		FE34EB37126238B800F1EEC2 /* orange_pin@2x.png */ = {isa = PBXFileReference; lastKnownFileType = image.png; path = "orange_pin@2x.png"; sourceTree = "<group>"; };
		FE3FFE11122F7904008B0E48 /* CaseViewerViewController.h */ = {isa = PBXFileReference; fileEncoding = 4; lastKnownFileType = sourcecode.c.h; path = CaseViewerViewController.h; sourceTree = "<group>"; };
		FE3FFE12122F7904008B0E48 /* CaseViewerViewController.m */ = {isa = PBXFileReference; fileEncoding = 4; lastKnownFileType = sourcecode.c.objc; path = CaseViewerViewController.m; sourceTree = "<group>"; };
		FE3FFE13122F7904008B0E48 /* CaseViewerViewController.xib */ = {isa = PBXFileReference; lastKnownFileType = file.xib; name = CaseViewerViewController.xib; path = Classes/CaseViewerViewController.xib; sourceTree = "<group>"; };
		FE46289F1257664200936914 /* PrefViewController.h */ = {isa = PBXFileReference; fileEncoding = 4; lastKnownFileType = sourcecode.c.h; path = PrefViewController.h; sourceTree = "<group>"; };
		FE4628A01257664200936914 /* PrefViewController.m */ = {isa = PBXFileReference; fileEncoding = 4; lastKnownFileType = sourcecode.c.objc; path = PrefViewController.m; sourceTree = "<group>"; };
		FE4628A11257664200936914 /* PrefViewController.xib */ = {isa = PBXFileReference; lastKnownFileType = file.xib; name = PrefViewController.xib; path = Classes/PrefViewController.xib; sourceTree = "<group>"; };
		FE4628EE125773CB00936914 /* myCase.png */ = {isa = PBXFileReference; lastKnownFileType = image.png; path = myCase.png; sourceTree = "<group>"; };
		FE4628EF125773CB00936914 /* myCase@2x.png */ = {isa = PBXFileReference; lastKnownFileType = image.png; path = "myCase@2x.png"; sourceTree = "<group>"; };
		FE4628F0125773CB00936914 /* pref.png */ = {isa = PBXFileReference; lastKnownFileType = image.png; path = pref.png; sourceTree = "<group>"; };
		FE4628F1125773CB00936914 /* pref@2x.png */ = {isa = PBXFileReference; lastKnownFileType = image.png; path = "pref@2x.png"; sourceTree = "<group>"; };
		FE4628F2125773CB00936914 /* query.png */ = {isa = PBXFileReference; lastKnownFileType = image.png; path = query.png; sourceTree = "<group>"; };
		FE4628F3125773CB00936914 /* query@2x.png */ = {isa = PBXFileReference; lastKnownFileType = image.png; path = "query@2x.png"; sourceTree = "<group>"; };
		FE4628FA1257754000936914 /* fail.png */ = {isa = PBXFileReference; lastKnownFileType = image.png; path = fail.png; sourceTree = "<group>"; };
		FE4628FB1257754000936914 /* fail@2x.png */ = {isa = PBXFileReference; lastKnownFileType = image.png; path = "fail@2x.png"; sourceTree = "<group>"; };
		FE4628FC1257754000936914 /* ok.png */ = {isa = PBXFileReference; lastKnownFileType = image.png; path = ok.png; sourceTree = "<group>"; };
		FE4628FD1257754000936914 /* ok@2x.png */ = {isa = PBXFileReference; lastKnownFileType = image.png; path = "ok@2x.png"; sourceTree = "<group>"; };
		FE4628FE1257754000936914 /* unknown.png */ = {isa = PBXFileReference; lastKnownFileType = image.png; path = unknown.png; sourceTree = "<group>"; };
		FE4628FF1257754000936914 /* unknown@2x.png */ = {isa = PBXFileReference; lastKnownFileType = image.png; path = "unknown@2x.png"; sourceTree = "<group>"; };
		FE462906125775DE00936914 /* next.png */ = {isa = PBXFileReference; lastKnownFileType = image.png; path = next.png; sourceTree = "<group>"; };
		FE462907125775DE00936914 /* next@2x.png */ = {isa = PBXFileReference; lastKnownFileType = image.png; path = "next@2x.png"; sourceTree = "<group>"; };
		FE462908125775DE00936914 /* previous.png */ = {isa = PBXFileReference; lastKnownFileType = image.png; path = previous.png; sourceTree = "<group>"; };
		FE462909125775DE00936914 /* previous@2x.png */ = {isa = PBXFileReference; lastKnownFileType = image.png; path = "previous@2x.png"; sourceTree = "<group>"; };
		FE46290E125776F800936914 /* NoMyCase.png */ = {isa = PBXFileReference; lastKnownFileType = image.png; path = NoMyCase.png; sourceTree = "<group>"; };
		FE46290F125776F800936914 /* NoMyCase@2x.png */ = {isa = PBXFileReference; lastKnownFileType = image.png; path = "NoMyCase@2x.png"; sourceTree = "<group>"; };
		FE4D13B31264BA0900B3E415 /* Icon-72.png */ = {isa = PBXFileReference; lastKnownFileType = image.png; path = "Icon-72.png"; sourceTree = "<group>"; };
		FE4D13B41264BA0900B3E415 /* Icon-Small-50.png */ = {isa = PBXFileReference; lastKnownFileType = image.png; path = "Icon-Small-50.png"; sourceTree = "<group>"; };
		FE4D13B51264BA0900B3E415 /* Icon-Small.png */ = {isa = PBXFileReference; lastKnownFileType = image.png; path = "Icon-Small.png"; sourceTree = "<group>"; };
		FE4D13B61264BA0900B3E415 /* Icon-Small@2x.png */ = {isa = PBXFileReference; lastKnownFileType = image.png; path = "Icon-Small@2x.png"; sourceTree = "<group>"; };
		FE4D13B71264BA0900B3E415 /* Icon.png */ = {isa = PBXFileReference; lastKnownFileType = image.png; path = Icon.png; sourceTree = "<group>"; };
		FE4D13B81264BA0900B3E415 /* Icon@2x.png */ = {isa = PBXFileReference; lastKnownFileType = image.png; path = "Icon@2x.png"; sourceTree = "<group>"; };
		FE4D13BF1264BA1200B3E415 /* iTunesArtwork */ = {isa = PBXFileReference; lastKnownFileType = file; path = iTunesArtwork; sourceTree = "<group>"; };
		FE4EE76A1223F68F00737028 /* reportDetails.plist */ = {isa = PBXFileReference; fileEncoding = 4; lastKnownFileType = text.plist.xml; path = reportDetails.plist; sourceTree = SOURCE_ROOT; };
		FE4EE76B1223F68F00737028 /* reportQid.plist */ = {isa = PBXFileReference; fileEncoding = 4; lastKnownFileType = text.plist.xml; path = reportQid.plist; sourceTree = SOURCE_ROOT; };
		FE4EE76C1223F68F00737028 /* reportSecondDetails.plist */ = {isa = PBXFileReference; fileEncoding = 4; lastKnownFileType = text.plist.xml; path = reportSecondDetails.plist; sourceTree = SOURCE_ROOT; };
		FE4EE76D1223F68F00737028 /* reportSections.plist */ = {isa = PBXFileReference; fileEncoding = 4; lastKnownFileType = text.plist.xml; path = reportSections.plist; sourceTree = SOURCE_ROOT; };
		FE4EE76E1223F68F00737028 /* reportTypes.plist */ = {isa = PBXFileReference; fileEncoding = 4; lastKnownFileType = text.plist.xml; path = reportTypes.plist; sourceTree = SOURCE_ROOT; };
		FE4EE7741223F6D100737028 /* DetailViewController.h */ = {isa = PBXFileReference; fileEncoding = 4; lastKnownFileType = sourcecode.c.h; path = DetailViewController.h; sourceTree = "<group>"; };
		FE4EE7751223F6D100737028 /* DetailViewController.m */ = {isa = PBXFileReference; fileEncoding = 4; lastKnownFileType = sourcecode.c.objc; path = DetailViewController.m; sourceTree = "<group>"; };
		FE4EE7761223F6D100737028 /* SecondDetailViewController.h */ = {isa = PBXFileReference; fileEncoding = 4; lastKnownFileType = sourcecode.c.h; path = SecondDetailViewController.h; sourceTree = "<group>"; };
		FE4EE7771223F6D100737028 /* SecondDetailViewController.m */ = {isa = PBXFileReference; fileEncoding = 4; lastKnownFileType = sourcecode.c.objc; path = SecondDetailViewController.m; sourceTree = "<group>"; };
		FE4EE7781223F6D100737028 /* TypesViewController.h */ = {isa = PBXFileReference; fileEncoding = 4; lastKnownFileType = sourcecode.c.h; path = TypesViewController.h; sourceTree = "<group>"; };
		FE4EE7791223F6D100737028 /* TypesViewController.m */ = {isa = PBXFileReference; fileEncoding = 4; lastKnownFileType = sourcecode.c.objc; path = TypesViewController.m; sourceTree = "<group>"; };
		FE71EEB01250C082008AF579 /* Entitlements.plist */ = {isa = PBXFileReference; fileEncoding = 4; lastKnownFileType = text.plist.xml; path = Entitlements.plist; sourceTree = "<group>"; };
		FE74CC531258ADED00267C80 /* EditibleTextFieldCell.h */ = {isa = PBXFileReference; fileEncoding = 4; lastKnownFileType = sourcecode.c.h; path = EditibleTextFieldCell.h; sourceTree = "<group>"; };
		FE74CC541258ADED00267C80 /* EditibleTextFieldCell.m */ = {isa = PBXFileReference; fileEncoding = 4; lastKnownFileType = sourcecode.c.objc; path = EditibleTextFieldCell.m; sourceTree = "<group>"; };
		FE74CCCF1258C0AE00267C80 /* WritePrefDelegate.h */ = {isa = PBXFileReference; fileEncoding = 4; lastKnownFileType = sourcecode.c.h; path = WritePrefDelegate.h; sourceTree = "<group>"; };
		FE7D048212352AA5007FA0A1 /* QidToType.plist */ = {isa = PBXFileReference; fileEncoding = 4; lastKnownFileType = text.plist.xml; path = QidToType.plist; sourceTree = "<group>"; };
		FE8473F812A60FB80040086D /* NetworkChecking.h */ = {isa = PBXFileReference; fileEncoding = 4; lastKnownFileType = sourcecode.c.h; path = NetworkChecking.h; sourceTree = "<group>"; };
		FE8473F912A60FB80040086D /* NetworkChecking.m */ = {isa = PBXFileReference; fileEncoding = 4; lastKnownFileType = sourcecode.c.objc; path = NetworkChecking.m; sourceTree = "<group>"; };
		FE88283D12839C670057F224 /* GANTracker.h */ = {isa = PBXFileReference; fileEncoding = 4; lastKnownFileType = sourcecode.c.h; path = GANTracker.h; sourceTree = "<group>"; };
		FE88284112839C7A0057F224 /* libGoogleAnalytics.a */ = {isa = PBXFileReference; lastKnownFileType = archive.ar; path = libGoogleAnalytics.a; sourceTree = "<group>"; };
		FE88284712839EA40057F224 /* libsqlite3.0.dylib */ = {isa = PBXFileReference; lastKnownFileType = "compiled.mach-o.dylib"; name = libsqlite3.0.dylib; path = usr/lib/libsqlite3.0.dylib; sourceTree = SDKROOT; };
		FE8828731283FB4A0057F224 /* GoogleAnalytics.h */ = {isa = PBXFileReference; fileEncoding = 4; lastKnownFileType = sourcecode.c.h; path = GoogleAnalytics.h; sourceTree = "<group>"; };
		FE8828741283FB4A0057F224 /* GoogleAnalytics.m */ = {isa = PBXFileReference; fileEncoding = 4; lastKnownFileType = sourcecode.c.objc; path = GoogleAnalytics.m; sourceTree = "<group>"; };
		FE882C9C128906DF0057F224 /* ListViewController.h */ = {isa = PBXFileReference; fileEncoding = 4; lastKnownFileType = sourcecode.c.h; path = ListViewController.h; sourceTree = "<group>"; };
		FE882C9D128906DF0057F224 /* ListViewController.m */ = {isa = PBXFileReference; fileEncoding = 4; lastKnownFileType = sourcecode.c.objc; path = ListViewController.m; sourceTree = "<group>"; };
		FE8BF5181250D6FC009498CA /* CFNetwork.framework */ = {isa = PBXFileReference; lastKnownFileType = wrapper.framework; name = CFNetwork.framework; path = System/Library/Frameworks/CFNetwork.framework; sourceTree = SDKROOT; };
		FEA07F9612A3E8BF00536C9B /* EGORefreshTableHeaderView.h */ = {isa = PBXFileReference; fileEncoding = 4; lastKnownFileType = sourcecode.c.h; path = EGORefreshTableHeaderView.h; sourceTree = "<group>"; };
		FEA07F9712A3E8BF00536C9B /* EGORefreshTableHeaderView.m */ = {isa = PBXFileReference; fileEncoding = 4; lastKnownFileType = sourcecode.c.objc; path = EGORefreshTableHeaderView.m; sourceTree = "<group>"; };
		FEA07F9A12A3E8EA00536C9B /* blueArrow.png */ = {isa = PBXFileReference; lastKnownFileType = image.png; path = blueArrow.png; sourceTree = "<group>"; };
		FEA07F9B12A3E8EA00536C9B /* blueArrow@2x.png */ = {isa = PBXFileReference; lastKnownFileType = image.png; path = "blueArrow@2x.png"; sourceTree = "<group>"; };
		FEB39A5A1237EF70007359AB /* QueryGoogleAppEngine.h */ = {isa = PBXFileReference; fileEncoding = 4; lastKnownFileType = sourcecode.c.h; path = QueryGoogleAppEngine.h; sourceTree = "<group>"; };
		FEB39A5B1237EF70007359AB /* QueryGoogleAppEngine.m */ = {isa = PBXFileReference; fileEncoding = 4; lastKnownFileType = sourcecode.c.objc; path = QueryGoogleAppEngine.m; sourceTree = "<group>"; };
		FEB39BD012388842007359AB /* MyCaseViewController.h */ = {isa = PBXFileReference; fileEncoding = 4; lastKnownFileType = sourcecode.c.h; path = MyCaseViewController.h; sourceTree = "<group>"; };
		FEB39BD112388842007359AB /* MyCaseViewController.m */ = {isa = PBXFileReference; fileEncoding = 4; lastKnownFileType = sourcecode.c.objc; path = MyCaseViewController.m; sourceTree = "<group>"; };
		FEB39CA212389597007359AB /* HybridViewController.h */ = {isa = PBXFileReference; fileEncoding = 4; lastKnownFileType = sourcecode.c.h; path = HybridViewController.h; sourceTree = "<group>"; };
		FEB39CA312389597007359AB /* HybridViewController.m */ = {isa = PBXFileReference; fileEncoding = 4; lastKnownFileType = sourcecode.c.objc; path = HybridViewController.m; sourceTree = "<group>"; };
		FEB39FE51238CF32007359AB /* QueryViewController.h */ = {isa = PBXFileReference; fileEncoding = 4; lastKnownFileType = sourcecode.c.h; path = QueryViewController.h; sourceTree = "<group>"; };
		FEB39FE61238CF32007359AB /* QueryViewController.m */ = {isa = PBXFileReference; fileEncoding = 4; lastKnownFileType = sourcecode.c.objc; path = QueryViewController.m; sourceTree = "<group>"; };
		FEB7C7FD12557EBD00436BB2 /* CaseSelectorViewController.h */ = {isa = PBXFileReference; fileEncoding = 4; lastKnownFileType = sourcecode.c.h; path = CaseSelectorViewController.h; sourceTree = "<group>"; };
		FEB7C7FE12557EBD00436BB2 /* CaseSelectorViewController.m */ = {isa = PBXFileReference; fileEncoding = 4; lastKnownFileType = sourcecode.c.objc; path = CaseSelectorViewController.m; sourceTree = "<group>"; };
		FEBF3E9812E562B500C65852 /* IconCell.h */ = {isa = PBXFileReference; fileEncoding = 4; lastKnownFileType = sourcecode.c.h; path = IconCell.h; sourceTree = "<group>"; };
		FEBF3E9912E562B500C65852 /* IconCell.m */ = {isa = PBXFileReference; fileEncoding = 4; lastKnownFileType = sourcecode.c.objc; path = IconCell.m; sourceTree = "<group>"; };
		FEC679CB126EEB37000AF355 /* DetailViewController.xib */ = {isa = PBXFileReference; lastKnownFileType = file.xib; path = DetailViewController.xib; sourceTree = "<group>"; };
		FEC679CC126EEB37000AF355 /* SecondDetailViewController.xib */ = {isa = PBXFileReference; lastKnownFileType = file.xib; path = SecondDetailViewController.xib; sourceTree = "<group>"; };
		FEC679CD126EEB37000AF355 /* TypesViewController.xib */ = {isa = PBXFileReference; lastKnownFileType = file.xib; path = TypesViewController.xib; sourceTree = "<group>"; };
		FEE81536122791BF00D82E46 /* AppMKAnnotation.h */ = {isa = PBXFileReference; fileEncoding = 4; lastKnownFileType = sourcecode.c.h; path = AppMKAnnotation.h; sourceTree = "<group>"; };
		FEE81537122791BF00D82E46 /* AppMKAnnotation.m */ = {isa = PBXFileReference; fileEncoding = 4; lastKnownFileType = sourcecode.c.objc; path = AppMKAnnotation.m; sourceTree = "<group>"; };
		FEE907DC1251C95400A1CBAF /* LoadingOverlayView.h */ = {isa = PBXFileReference; fileEncoding = 4; lastKnownFileType = sourcecode.c.h; path = LoadingOverlayView.h; sourceTree = "<group>"; };
		FEE907DD1251C95400A1CBAF /* LoadingOverlayView.m */ = {isa = PBXFileReference; fileEncoding = 4; lastKnownFileType = sourcecode.c.objc; path = LoadingOverlayView.m; sourceTree = "<group>"; };
		FEEB1FEC12392E6B00B24560 /* CaseSelectorCell.h */ = {isa = PBXFileReference; fileEncoding = 4; lastKnownFileType = sourcecode.c.h; path = CaseSelectorCell.h; sourceTree = "<group>"; };
		FEEB1FED12392E6B00B24560 /* CaseSelectorCell.m */ = {isa = PBXFileReference; fileEncoding = 4; lastKnownFileType = sourcecode.c.objc; path = CaseSelectorCell.m; sourceTree = "<group>"; };
		FEF0D2BE1230CACA000317C5 /* AppClassExtension.h */ = {isa = PBXFileReference; fileEncoding = 4; lastKnownFileType = sourcecode.c.h; path = AppClassExtension.h; sourceTree = "<group>"; };
		FEF0D2BF1230CACA000317C5 /* AppClassExtension.m */ = {isa = PBXFileReference; fileEncoding = 4; lastKnownFileType = sourcecode.c.objc; path = AppClassExtension.m; sourceTree = "<group>"; };
/* End PBXFileReference section */

/* Begin PBXFrameworksBuildPhase section */
		1D60588F0D05DD3D006BFB54 /* Frameworks */ = {
			isa = PBXFrameworksBuildPhase;
			buildActionMask = 2147483647;
			files = (
				1D60589F0D05DD5A006BFB54 /* Foundation.framework in Frameworks */,
				1DF5F4E00D08C38300B7A737 /* UIKit.framework in Frameworks */,
				288765FD0DF74451002DB57D /* CoreGraphics.framework in Frameworks */,
				2AEBA5EA1225FE95000A4D21 /* CoreLocation.framework in Frameworks */,
				2A560EA71226A60A00F3800F /* CoreData.framework in Frameworks */,
				2AE35A181226B02F00B37A4B /* MapKit.framework in Frameworks */,
				2A097062122B60200048D841 /* QuartzCore.framework in Frameworks */,
				2A4CD56D1240FDA000991E98 /* SystemConfiguration.framework in Frameworks */,
				2AEBFD00124B25270047B3E6 /* MobileCoreServices.framework in Frameworks */,
				2AEBFD03124B25410047B3E6 /* libz.1.2.3.dylib in Frameworks */,
				FE8BF5191250D6FC009498CA /* CFNetwork.framework in Frameworks */,
				FE88284212839C7A0057F224 /* libGoogleAnalytics.a in Frameworks */,
				FE88284812839EA40057F224 /* libsqlite3.0.dylib in Frameworks */,
			);
			runOnlyForDeploymentPostprocessing = 0;
		};
/* End PBXFrameworksBuildPhase section */

/* Begin PBXGroup section */
		080E96DDFE201D6D7F000001 /* Classes */ = {
			isa = PBXGroup;
			children = (
				FE46289E1257661200936914 /* Preferences */,
				FEB391BA123677A9007359AB /* Case Selector */,
				2A79AC301223FBCF00F140A2 /* Query Case */,
				2A79AC2F1223FBC200F140A2 /* My Case */,
				2A79AC2E1223FBB500F140A2 /* Add Case */,
				FE3FFE10122F78D0008B0E48 /* Case Viewer */,
				FE4EE7461223D50200737028 /* Types and Detail Selector */,
				FE4625791255C34E00936914 /* Hybrid List and Map View */,
				2A0974F6122BC7300048D841 /* Location Selector */,
				FEC3B7D21251E16D00AB8D77 /* Query GAE */,
				FE8E4BB6124C35F9006AE713 /* External API */,
				FEF0D2BE1230CACA000317C5 /* AppClassExtension.h */,
				FEF0D2BF1230CACA000317C5 /* AppClassExtension.m */,
				1D3623240D0F684500981E51 /* MGOVAppDelegate.h */,
				1D3623250D0F684500981E51 /* MGOVAppDelegate.m */,
			);
			path = Classes;
			sourceTree = "<group>";
		};
		19C28FACFE9D520D11CA2CBB /* Products */ = {
			isa = PBXGroup;
			children = (
				1D6058910D05DD3D006BFB54 /* MGOV.app */,
			);
			name = Products;
			sourceTree = "<group>";
		};
		29B97314FDCFA39411CA2CEA /* CustomTemplate */ = {
			isa = PBXGroup;
			children = (
				080E96DDFE201D6D7F000001 /* Classes */,
				29B97315FDCFA39411CA2CEA /* Other Sources */,
				29B97317FDCFA39411CA2CEA /* Resources */,
				29B97323FDCFA39411CA2CEA /* Frameworks */,
				19C28FACFE9D520D11CA2CBB /* Products */,
			);
			name = CustomTemplate;
			sourceTree = "<group>";
		};
		29B97315FDCFA39411CA2CEA /* Other Sources */ = {
			isa = PBXGroup;
			children = (
				32CA4F630368D1EE00C91783 /* MGOV_Prefix.pch */,
				29B97316FDCFA39411CA2CEA /* main.m */,
			);
			name = "Other Sources";
			sourceTree = "<group>";
		};
		29B97317FDCFA39411CA2CEA /* Resources */ = {
			isa = PBXGroup;
			children = (
				FEA07F9A12A3E8EA00536C9B /* blueArrow.png */,
				FEA07F9B12A3E8EA00536C9B /* blueArrow@2x.png */,
				FE070CE41280045F00809E0D /* Default.png */,
				FE070CE51280045F00809E0D /* Default@2x.png */,
				FE4D13BF1264BA1200B3E415 /* iTunesArtwork */,
				FE4D13B31264BA0900B3E415 /* Icon-72.png */,
				FE4D13B41264BA0900B3E415 /* Icon-Small-50.png */,
				FE4D13B51264BA0900B3E415 /* Icon-Small.png */,
				FE4D13B61264BA0900B3E415 /* Icon-Small@2x.png */,
				FE4D13B71264BA0900B3E415 /* Icon.png */,
				FE4D13B81264BA0900B3E415 /* Icon@2x.png */,
				FE71EEB01250C082008AF579 /* Entitlements.plist */,
				FE17463D122D17A400641599 /* Icon And Pictures */,
				2A79AC2D1223FB9B00F140A2 /* Interface Builder */,
				FE4EE75F1223F5F700737028 /* Types and Detail Strings */,
				8D1107310486CEB800E47090 /* MGOV-Info.plist */,
				2AE48A861240AE37005547F3 /* CaseAddTempInformation.plist */,
			);
			name = Resources;
			sourceTree = "<group>";
		};
		29B97323FDCFA39411CA2CEA /* Frameworks */ = {
			isa = PBXGroup;
			children = (
				FE88284112839C7A0057F224 /* libGoogleAnalytics.a */,
				2A4CD56C1240FDA000991E98 /* SystemConfiguration.framework */,
				1DF5F4DF0D08C38300B7A737 /* UIKit.framework */,
				1D30AB110D05D00D00671497 /* Foundation.framework */,
				288765FC0DF74451002DB57D /* CoreGraphics.framework */,
				2AEBA5E91225FE95000A4D21 /* CoreLocation.framework */,
				2A560EA61226A60A00F3800F /* CoreData.framework */,
				2AE35A171226B02F00B37A4B /* MapKit.framework */,
				2A097061122B60200048D841 /* QuartzCore.framework */,
				2AEBFCFF124B25270047B3E6 /* MobileCoreServices.framework */,
				2AEBFD02124B25410047B3E6 /* libz.1.2.3.dylib */,
				FE8BF5181250D6FC009498CA /* CFNetwork.framework */,
				FE88284712839EA40057F224 /* libsqlite3.0.dylib */,
			);
			name = Frameworks;
			sourceTree = "<group>";
		};
		2A0974F6122BC7300048D841 /* Location Selector */ = {
			isa = PBXGroup;
			children = (
				2A560ED21226A6E700F3800F /* MGOVGeocoder.h */,
				2A560ED31226A6E700F3800F /* MGOVGeocoder.m */,
				2A0974F1122BC7270048D841 /* LocationSelectorViewController.h */,
				2A0974F2122BC7270048D841 /* LocationSelectorViewController.m */,
				FEE81536122791BF00D82E46 /* AppMKAnnotation.h */,
				FEE81537122791BF00D82E46 /* AppMKAnnotation.m */,
			);
			name = "Location Selector";
			sourceTree = "<group>";
		};
		2A79AC2D1223FB9B00F140A2 /* Interface Builder */ = {
			isa = PBXGroup;
			children = (
				FEC679CB126EEB37000AF355 /* DetailViewController.xib */,
				FEC679CC126EEB37000AF355 /* SecondDetailViewController.xib */,
				FEC679CD126EEB37000AF355 /* TypesViewController.xib */,
				FE4628A11257664200936914 /* PrefViewController.xib */,
				FE3FFE13122F7904008B0E48 /* CaseViewerViewController.xib */,
				2A0974F3122BC7270048D841 /* LocationSelectorViewController.xib */,
				2A79AC1F1223FB7C00F140A2 /* CaseAddViewController.xib */,
				28AD733E0D9D9553002E5188 /* MainWindow.xib */,
			);
			name = "Interface Builder";
			sourceTree = "<group>";
		};
		2A79AC2E1223FBB500F140A2 /* Add Case */ = {
			isa = PBXGroup;
			children = (
				FE1747A6122D2D3400641599 /* Component Cells */,
				2A79AC1E1223FB7C00F140A2 /* CaseAddViewController.h */,
				2A79AC1D1223FB7C00F140A2 /* CaseAddViewController.m */,
			);
			name = "Add Case";
			sourceTree = "<group>";
		};
		2A79AC2F1223FBC200F140A2 /* My Case */ = {
			isa = PBXGroup;
			children = (
				FEB39BD012388842007359AB /* MyCaseViewController.h */,
				FEB39BD112388842007359AB /* MyCaseViewController.m */,
			);
			name = "My Case";
			sourceTree = "<group>";
		};
		2A79AC301223FBCF00F140A2 /* Query Case */ = {
			isa = PBXGroup;
			children = (
				FEB39FE51238CF32007359AB /* QueryViewController.h */,
				FEB39FE61238CF32007359AB /* QueryViewController.m */,
			);
			name = "Query Case";
			sourceTree = "<group>";
		};
		2AEBFCBF124B22C30047B3E6 /* ASIHTTP */ = {
			isa = PBXGroup;
			children = (
				2AEBFCC1124B22FF0047B3E6 /* ASIAuthenticationDialog.h */,
				2AEBFCC2124B22FF0047B3E6 /* ASIAuthenticationDialog.m */,
				2AEBFCC3124B22FF0047B3E6 /* ASICacheDelegate.h */,
				2AEBFCC4124B22FF0047B3E6 /* ASIDownloadCache.h */,
				2AEBFCC5124B22FF0047B3E6 /* ASIDownloadCache.m */,
				2AEBFCC6124B22FF0047B3E6 /* ASIFormDataRequest.h */,
				2AEBFCC7124B22FF0047B3E6 /* ASIFormDataRequest.m */,
				2AEBFCC8124B22FF0047B3E6 /* ASIHTTPRequest.h */,
				2AEBFCC9124B22FF0047B3E6 /* ASIHTTPRequest.m */,
				2AEBFCCA124B22FF0047B3E6 /* ASIHTTPRequestConfig.h */,
				2AEBFCCB124B22FF0047B3E6 /* ASIHTTPRequestDelegate.h */,
				2AEBFCCC124B22FF0047B3E6 /* ASIInputStream.h */,
				2AEBFCCD124B22FF0047B3E6 /* ASIInputStream.m */,
				2AEBFCCE124B22FF0047B3E6 /* ASINetworkQueue.h */,
				2AEBFCCF124B22FF0047B3E6 /* ASINetworkQueue.m */,
				2AEBFCD0124B22FF0047B3E6 /* ASIProgressDelegate.h */,
				2AEBFCD1124B22FF0047B3E6 /* Reachability.h */,
				2AEBFCD2124B22FF0047B3E6 /* Reachability.m */,
			);
			name = ASIHTTP;
			sourceTree = "<group>";
		};
		603027C81336067500EC9FEE /* JSONKit */ = {
			isa = PBXGroup;
			children = (
				603027C91336069600EC9FEE /* JSONKit.h */,
				603027CA1336069600EC9FEE /* JSONKit.m */,
			);
			name = JSONKit;
			sourceTree = "<group>";
		};
		7E7FE9651334F21F00078EB0 /* Facebook */ = {
			isa = PBXGroup;
			children = (
				7E7FE9671334F24100078EB0 /* Facebook.h */,
				7E7FE9681334F24100078EB0 /* FBConnect.h */,
				7E7FE9691334F24100078EB0 /* FBDialog.h */,
				7E7FE96A1334F24100078EB0 /* FBLoginDialog.h */,
				7E7FE96B1334F24100078EB0 /* FBRequest.h */,
				7E7FE96C1334F24100078EB0 /* facebook_ios_sdk_Prefix.pch */,
				7E7FE96D1334F24100078EB0 /* Facebook.m */,
				7E7FE96E1334F24100078EB0 /* FBDialog.m */,
				7E7FE96F1334F24100078EB0 /* FBLoginDialog.m */,
				7E7FE9701334F24100078EB0 /* FBRequest.m */,
			);
			name = Facebook;
			sourceTree = "<group>";
		};
		FE17463D122D17A400641599 /* Icon And Pictures */ = {
			isa = PBXGroup;
			children = (
				FE34EB36126238B800F1EEC2 /* orange_pin.png */,
				FE34EB37126238B800F1EEC2 /* orange_pin@2x.png */,
				FE46290E125776F800936914 /* NoMyCase.png */,
				FE46290F125776F800936914 /* NoMyCase@2x.png */,
				FE462906125775DE00936914 /* next.png */,
				FE462907125775DE00936914 /* next@2x.png */,
				FE462908125775DE00936914 /* previous.png */,
				FE462909125775DE00936914 /* previous@2x.png */,
				FE4628FA1257754000936914 /* fail.png */,
				FE4628FB1257754000936914 /* fail@2x.png */,
				FE4628FC1257754000936914 /* ok.png */,
				FE4628FD1257754000936914 /* ok@2x.png */,
				FE4628FE1257754000936914 /* unknown.png */,
				FE4628FF1257754000936914 /* unknown@2x.png */,
				FE4628EE125773CB00936914 /* myCase.png */,
				FE4628EF125773CB00936914 /* myCase@2x.png */,
				FE4628F0125773CB00936914 /* pref.png */,
				FE4628F1125773CB00936914 /* pref@2x.png */,
				FE4628F2125773CB00936914 /* query.png */,
				FE4628F3125773CB00936914 /* query@2x.png */,
			);
			name = "Icon And Pictures";
			sourceTree = "<group>";
		};
		FE1747A6122D2D3400641599 /* Component Cells */ = {
			isa = PBXGroup;
			children = (
				FE174733122D276400641599 /* PhotoPickerTableCell.h */,
				FE174734122D276400641599 /* PhotoPickerTableCell.m */,
				FE1747A7122D2D6B00641599 /* LocationSelectorTableCell.h */,
				FE1747A8122D2D6B00641599 /* LocationSelectorTableCell.m */,
				FE1747DB122D303500641599 /* NameFieldTableCell.h */,
				FE1747DC122D303500641599 /* NameFieldTableCell.m */,
				FE174801122D329C00641599 /* DescriptionTableCell.h */,
				FE174802122D329C00641599 /* DescriptionTableCell.m */,
			);
			name = "Component Cells";
			sourceTree = "<group>";
		};
		FE3FFE10122F78D0008B0E48 /* Case Viewer */ = {
			isa = PBXGroup;
			children = (
				FE3FFE11122F7904008B0E48 /* CaseViewerViewController.h */,
				FE3FFE12122F7904008B0E48 /* CaseViewerViewController.m */,
			);
			name = "Case Viewer";
			sourceTree = "<group>";
		};
		FE4625791255C34E00936914 /* Hybrid List and Map View */ = {
			isa = PBXGroup;
			children = (
				FEB39CA212389597007359AB /* HybridViewController.h */,
				FEB39CA312389597007359AB /* HybridViewController.m */,
				FE882C9C128906DF0057F224 /* ListViewController.h */,
				FE882C9D128906DF0057F224 /* ListViewController.m */,
			);
			name = "Hybrid List and Map View";
			sourceTree = "<group>";
		};
		FE46289E1257661200936914 /* Preferences */ = {
			isa = PBXGroup;
			children = (
				FE46289F1257664200936914 /* PrefViewController.h */,
				FE4628A01257664200936914 /* PrefViewController.m */,
				FE74CC531258ADED00267C80 /* EditibleTextFieldCell.h */,
				FE74CC541258ADED00267C80 /* EditibleTextFieldCell.m */,
				FE74CCCF1258C0AE00267C80 /* WritePrefDelegate.h */,
				FEBF3E9812E562B500C65852 /* IconCell.h */,
				FEBF3E9912E562B500C65852 /* IconCell.m */,
			);
			name = Preferences;
			sourceTree = "<group>";
		};
		FE4EE7461223D50200737028 /* Types and Detail Selector */ = {
			isa = PBXGroup;
			children = (
				FE4EE7741223F6D100737028 /* DetailViewController.h */,
				FE4EE7751223F6D100737028 /* DetailViewController.m */,
				FE4EE7761223F6D100737028 /* SecondDetailViewController.h */,
				FE4EE7771223F6D100737028 /* SecondDetailViewController.m */,
				FE4EE7781223F6D100737028 /* TypesViewController.h */,
				FE4EE7791223F6D100737028 /* TypesViewController.m */,
				FE1E82591226A54000973DA4 /* TypeSelectorDelegateProtocol.h */,
			);
			name = "Types and Detail Selector";
			sourceTree = "<group>";
		};
		FE4EE75F1223F5F700737028 /* Types and Detail Strings */ = {
			isa = PBXGroup;
			children = (
				FE4EE76A1223F68F00737028 /* reportDetails.plist */,
				FE4EE76B1223F68F00737028 /* reportQid.plist */,
				FE4EE76C1223F68F00737028 /* reportSecondDetails.plist */,
				FE4EE76D1223F68F00737028 /* reportSections.plist */,
				FE4EE76E1223F68F00737028 /* reportTypes.plist */,
				FE7D048212352AA5007FA0A1 /* QidToType.plist */,
			);
			name = "Types and Detail Strings";
			sourceTree = "<group>";
		};
		FE8E4BB6124C35F9006AE713 /* External API */ = {
			isa = PBXGroup;
			children = (
				603027C81336067500EC9FEE /* JSONKit */,
				7E7FE9651334F21F00078EB0 /* Facebook */,
				FEA07F9912A3E8D100536C9B /* RefreshTableHeaderView */,
				FE88283D12839C670057F224 /* GANTracker.h */,
				2AEBFCBF124B22C30047B3E6 /* ASIHTTP */,
				FE8828731283FB4A0057F224 /* GoogleAnalytics.h */,
				FE8828741283FB4A0057F224 /* GoogleAnalytics.m */,
			);
			name = "External API";
			sourceTree = "<group>";
		};
		FEA07F9912A3E8D100536C9B /* RefreshTableHeaderView */ = {
			isa = PBXGroup;
			children = (
				FEA07F9612A3E8BF00536C9B /* EGORefreshTableHeaderView.h */,
				FEA07F9712A3E8BF00536C9B /* EGORefreshTableHeaderView.m */,
			);
			name = RefreshTableHeaderView;
			sourceTree = "<group>";
		};
		FEB391BA123677A9007359AB /* Case Selector */ = {
			isa = PBXGroup;
			children = (
				FEEB1FEC12392E6B00B24560 /* CaseSelectorCell.h */,
				FEEB1FED12392E6B00B24560 /* CaseSelectorCell.m */,
				FEB7C7FD12557EBD00436BB2 /* CaseSelectorViewController.h */,
				FEB7C7FE12557EBD00436BB2 /* CaseSelectorViewController.m */,
			);
			name = "Case Selector";
			sourceTree = "<group>";
		};
		FEC3B7D21251E16D00AB8D77 /* Query GAE */ = {
			isa = PBXGroup;
			children = (
				FE8473F812A60FB80040086D /* NetworkChecking.h */,
				FE8473F912A60FB80040086D /* NetworkChecking.m */,
				FEB39A5A1237EF70007359AB /* QueryGoogleAppEngine.h */,
				FEB39A5B1237EF70007359AB /* QueryGoogleAppEngine.m */,
				FEE907DC1251C95400A1CBAF /* LoadingOverlayView.h */,
				FEE907DD1251C95400A1CBAF /* LoadingOverlayView.m */,
			);
			name = "Query GAE";
			sourceTree = "<group>";
		};
/* End PBXGroup section */

/* Begin PBXNativeTarget section */
		1D6058900D05DD3D006BFB54 /* MGOV */ = {
			isa = PBXNativeTarget;
			buildConfigurationList = 1D6058960D05DD3E006BFB54 /* Build configuration list for PBXNativeTarget "MGOV" */;
			buildPhases = (
				1D60588D0D05DD3D006BFB54 /* Resources */,
				1D60588E0D05DD3D006BFB54 /* Sources */,
				1D60588F0D05DD3D006BFB54 /* Frameworks */,
			);
			buildRules = (
			);
			dependencies = (
			);
			name = MGOV;
			productName = MGOV;
			productReference = 1D6058910D05DD3D006BFB54 /* MGOV.app */;
			productType = "com.apple.product-type.application";
		};
/* End PBXNativeTarget section */

/* Begin PBXProject section */
		29B97313FDCFA39411CA2CEA /* Project object */ = {
			isa = PBXProject;
			attributes = {
				ORGANIZATIONNAME = "NTU Mobile HCI Lab";
			};
			buildConfigurationList = C01FCF4E08A954540054247B /* Build configuration list for PBXProject "MGOV" */;
			compatibilityVersion = "Xcode 3.1";
			developmentRegion = English;
			hasScannedForEncodings = 1;
			knownRegions = (
				English,
				Japanese,
				French,
				German,
			);
			mainGroup = 29B97314FDCFA39411CA2CEA /* CustomTemplate */;
			projectDirPath = "";
			projectRoot = "";
			targets = (
				1D6058900D05DD3D006BFB54 /* MGOV */,
			);
		};
/* End PBXProject section */

/* Begin PBXResourcesBuildPhase section */
		1D60588D0D05DD3D006BFB54 /* Resources */ = {
			isa = PBXResourcesBuildPhase;
			buildActionMask = 2147483647;
			files = (
				28AD733F0D9D9553002E5188 /* MainWindow.xib in Resources */,
				FE4EE76F1223F68F00737028 /* reportDetails.plist in Resources */,
				FE4EE7701223F68F00737028 /* reportQid.plist in Resources */,
				FE4EE7711223F68F00737028 /* reportSecondDetails.plist in Resources */,
				FE4EE7721223F68F00737028 /* reportSections.plist in Resources */,
				FE4EE7731223F68F00737028 /* reportTypes.plist in Resources */,
				2A79AC241223FB7C00F140A2 /* CaseAddViewController.xib in Resources */,
				2A0974F5122BC7270048D841 /* LocationSelectorViewController.xib in Resources */,
				FE3FFE15122F7904008B0E48 /* CaseViewerViewController.xib in Resources */,
				FE7D048312352AA5007FA0A1 /* QidToType.plist in Resources */,
				2AE48A871240AE37005547F3 /* CaseAddTempInformation.plist in Resources */,
				FE4628A31257664200936914 /* PrefViewController.xib in Resources */,
				FE4628F4125773CB00936914 /* myCase.png in Resources */,
				FE4628F5125773CB00936914 /* myCase@2x.png in Resources */,
				FE4628F6125773CB00936914 /* pref.png in Resources */,
				FE4628F7125773CB00936914 /* pref@2x.png in Resources */,
				FE4628F8125773CB00936914 /* query.png in Resources */,
				FE4628F9125773CB00936914 /* query@2x.png in Resources */,
				FE4629001257754000936914 /* fail.png in Resources */,
				FE4629011257754000936914 /* fail@2x.png in Resources */,
				FE4629021257754000936914 /* ok.png in Resources */,
				FE4629031257754000936914 /* ok@2x.png in Resources */,
				FE4629041257754000936914 /* unknown.png in Resources */,
				FE4629051257754000936914 /* unknown@2x.png in Resources */,
				FE46290A125775DE00936914 /* next.png in Resources */,
				FE46290B125775DE00936914 /* next@2x.png in Resources */,
				FE46290C125775DE00936914 /* previous.png in Resources */,
				FE46290D125775DE00936914 /* previous@2x.png in Resources */,
				FE462910125776F800936914 /* NoMyCase.png in Resources */,
				FE462911125776F800936914 /* NoMyCase@2x.png in Resources */,
				FE34EB38126238B800F1EEC2 /* orange_pin.png in Resources */,
				FE34EB39126238B800F1EEC2 /* orange_pin@2x.png in Resources */,
				FE4D13B91264BA0900B3E415 /* Icon-72.png in Resources */,
				FE4D13BA1264BA0900B3E415 /* Icon-Small-50.png in Resources */,
				FE4D13BB1264BA0900B3E415 /* Icon-Small.png in Resources */,
				FE4D13BC1264BA0900B3E415 /* Icon-Small@2x.png in Resources */,
				FE4D13BD1264BA0900B3E415 /* Icon.png in Resources */,
				FE4D13BE1264BA0900B3E415 /* Icon@2x.png in Resources */,
				FE4D13C01264BA1200B3E415 /* iTunesArtwork in Resources */,
				FEC679CE126EEB37000AF355 /* DetailViewController.xib in Resources */,
				FEC679CF126EEB37000AF355 /* SecondDetailViewController.xib in Resources */,
				FEC679D0126EEB37000AF355 /* TypesViewController.xib in Resources */,
				FE070CE61280045F00809E0D /* Default.png in Resources */,
				FE070CE71280045F00809E0D /* Default@2x.png in Resources */,
				FEA07F9C12A3E8EA00536C9B /* blueArrow.png in Resources */,
				FEA07F9D12A3E8EA00536C9B /* blueArrow@2x.png in Resources */,
			);
			runOnlyForDeploymentPostprocessing = 0;
		};
/* End PBXResourcesBuildPhase section */

/* Begin PBXSourcesBuildPhase section */
		1D60588E0D05DD3D006BFB54 /* Sources */ = {
			isa = PBXSourcesBuildPhase;
			buildActionMask = 2147483647;
			files = (
				1D60589B0D05DD56006BFB54 /* main.m in Sources */,
				1D3623260D0F684500981E51 /* MGOVAppDelegate.m in Sources */,
				FE4EE77A1223F6D100737028 /* DetailViewController.m in Sources */,
				FE4EE77B1223F6D100737028 /* SecondDetailViewController.m in Sources */,
				FE4EE77C1223F6D100737028 /* TypesViewController.m in Sources */,
				2A79AC231223FB7C00F140A2 /* CaseAddViewController.m in Sources */,
				2A560ED41226A6E700F3800F /* MGOVGeocoder.m in Sources */,
				FEE81538122791BF00D82E46 /* AppMKAnnotation.m in Sources */,
				2A0974F4122BC7270048D841 /* LocationSelectorViewController.m in Sources */,
				FE174735122D276400641599 /* PhotoPickerTableCell.m in Sources */,
				FE1747A9122D2D6B00641599 /* LocationSelectorTableCell.m in Sources */,
				FE1747DD122D303500641599 /* NameFieldTableCell.m in Sources */,
				FE174803122D329C00641599 /* DescriptionTableCell.m in Sources */,
				FE3FFE14122F7904008B0E48 /* CaseViewerViewController.m in Sources */,
				FEF0D2C01230CACA000317C5 /* AppClassExtension.m in Sources */,
				FEB39A5C1237EF70007359AB /* QueryGoogleAppEngine.m in Sources */,
				FEB39BD212388842007359AB /* MyCaseViewController.m in Sources */,
				FEB39CA412389597007359AB /* HybridViewController.m in Sources */,
				FEB39FE71238CF32007359AB /* QueryViewController.m in Sources */,
				FEEB1FEE12392E6B00B24560 /* CaseSelectorCell.m in Sources */,
				2AEBFCD3124B22FF0047B3E6 /* ASIAuthenticationDialog.m in Sources */,
				2AEBFCD4124B22FF0047B3E6 /* ASIDownloadCache.m in Sources */,
				2AEBFCD5124B22FF0047B3E6 /* ASIFormDataRequest.m in Sources */,
				2AEBFCD6124B22FF0047B3E6 /* ASIHTTPRequest.m in Sources */,
				2AEBFCD7124B22FF0047B3E6 /* ASIInputStream.m in Sources */,
				2AEBFCD8124B22FF0047B3E6 /* ASINetworkQueue.m in Sources */,
				2AEBFCD9124B22FF0047B3E6 /* Reachability.m in Sources */,
				FEE907DE1251C95400A1CBAF /* LoadingOverlayView.m in Sources */,
				FEB7C7FF12557EBD00436BB2 /* CaseSelectorViewController.m in Sources */,
				FE4628A21257664200936914 /* PrefViewController.m in Sources */,
				FE74CC551258ADED00267C80 /* EditibleTextFieldCell.m in Sources */,
				FE8828751283FB4A0057F224 /* GoogleAnalytics.m in Sources */,
				FE882C9E128906DF0057F224 /* ListViewController.m in Sources */,
				FEA07F9812A3E8BF00536C9B /* EGORefreshTableHeaderView.m in Sources */,
				FE8473FA12A60FB80040086D /* NetworkChecking.m in Sources */,
				FEBF3E9B12E562B500C65852 /* IconCell.m in Sources */,
				7E7FE9711334F24100078EB0 /* Facebook.m in Sources */,
				7E7FE9721334F24100078EB0 /* FBDialog.m in Sources */,
				7E7FE9731334F24100078EB0 /* FBLoginDialog.m in Sources */,
				7E7FE9741334F24100078EB0 /* FBRequest.m in Sources */,
				603027CB1336069600EC9FEE /* JSONKit.m in Sources */,
			);
			runOnlyForDeploymentPostprocessing = 0;
		};
/* End PBXSourcesBuildPhase section */

/* Begin XCBuildConfiguration section */
		1D6058940D05DD3E006BFB54 /* Debug */ = {
			isa = XCBuildConfiguration;
			buildSettings = {
				ARCHS = "$(ARCHS_STANDARD_32_BIT)";
				CODE_SIGN_ENTITLEMENTS = Entitlements.plist;
				CODE_SIGN_IDENTITY = "iPhone Developer";
				"CODE_SIGN_IDENTITY[sdk=iphoneos*]" = "iPhone Developer";
				GCC_DYNAMIC_NO_PIC = NO;
				GCC_OPTIMIZATION_LEVEL = 0;
				GCC_PRECOMPILE_PREFIX_HEADER = YES;
				GCC_PREFIX_HEADER = MGOV_Prefix.pch;
				GCC_VERSION = com.apple.compilers.llvmgcc42;
				INFOPLIST_FILE = "MGOV-Info.plist";
				LIBRARY_SEARCH_PATHS = (
					"$(inherited)",
					"\"$(SRCROOT)\"",
				);
				PRODUCT_NAME = MGOV;
				PROVISIONING_PROFILE = "";
				"PROVISIONING_PROFILE[sdk=iphoneos*]" = "";
				SDKROOT = iphoneos;
			};
			name = Debug;
		};
		1D6058950D05DD3E006BFB54 /* Release */ = {
			isa = XCBuildConfiguration;
			buildSettings = {
				ARCHS = "$(ARCHS_STANDARD_32_BIT)";
				CODE_SIGN_ENTITLEMENTS = Entitlements.plist;
				CODE_SIGN_IDENTITY = "iPhone Developer";
				"CODE_SIGN_IDENTITY[sdk=iphoneos*]" = "iPhone Developer";
				GCC_PRECOMPILE_PREFIX_HEADER = YES;
				GCC_PREFIX_HEADER = MGOV_Prefix.pch;
				INFOPLIST_FILE = "MGOV-Info.plist";
				LIBRARY_SEARCH_PATHS = (
					"$(inherited)",
					"\"$(SRCROOT)\"",
				);
				PRODUCT_NAME = MGOV;
				PROVISIONING_PROFILE = "";
				"PROVISIONING_PROFILE[sdk=iphoneos*]" = "";
				SDKROOT = iphoneos;
				VALIDATE_PRODUCT = YES;
			};
			name = Release;
		};
		C01FCF4F08A954540054247B /* Debug */ = {
			isa = XCBuildConfiguration;
			buildSettings = {
				ARCHS = "$(ARCHS_STANDARD_32_BIT)";
				"CODE_SIGN_IDENTITY[sdk=iphoneos*]" = "iPhone Developer";
				GCC_C_LANGUAGE_STANDARD = c99;
				GCC_PREPROCESSOR_DEFINITIONS = DEBUG;
				GCC_VERSION = com.apple.compilers.llvmgcc42;
				GCC_WARN_ABOUT_RETURN_TYPE = YES;
				GCC_WARN_UNUSED_VARIABLE = YES;
				IPHONEOS_DEPLOYMENT_TARGET = 4.0;
				PREBINDING = NO;
				"PROVISIONING_PROFILE[sdk=iphoneos*]" = "";
				SDKROOT = iphoneos;
			};
			name = Debug;
		};
		C01FCF5008A954540054247B /* Release */ = {
			isa = XCBuildConfiguration;
			buildSettings = {
				ARCHS = "$(ARCHS_UNIVERSAL_IPHONE_OS)";
				"CODE_SIGN_IDENTITY[sdk=iphoneos*]" = "iPhone Developer";
				GCC_C_LANGUAGE_STANDARD = c99;
				GCC_VERSION = com.apple.compilers.llvmgcc42;
				GCC_WARN_ABOUT_RETURN_TYPE = YES;
				GCC_WARN_UNUSED_VARIABLE = YES;
				IPHONEOS_DEPLOYMENT_TARGET = 4.0;
				OTHER_CFLAGS = "-DNS_BLOCK_ASSERTIONS=1";
				PREBINDING = NO;
				"PROVISIONING_PROFILE[sdk=iphoneos*]" = "";
				SDKROOT = iphoneos;
			};
			name = Release;
		};
		FE71EE9C1250BE54008AF579 /* Distribution */ = {
			isa = XCBuildConfiguration;
			buildSettings = {
				ARCHS = "$(ARCHS_UNIVERSAL_IPHONE_OS)";
				"CODE_SIGN_IDENTITY[sdk=iphoneos*]" = "iPhone Distribution: Wantoto Inc.";
				GCC_C_LANGUAGE_STANDARD = c99;
				GCC_VERSION = com.apple.compilers.llvmgcc42;
				GCC_WARN_ABOUT_RETURN_TYPE = YES;
				GCC_WARN_UNUSED_VARIABLE = YES;
				IPHONEOS_DEPLOYMENT_TARGET = 4.0;
				OTHER_CFLAGS = "-DNS_BLOCK_ASSERTIONS=1";
				PREBINDING = NO;
				"PROVISIONING_PROFILE[sdk=iphoneos*]" = "4FA7114F-38C1-4347-80FB-215E1AE84825";
				SDKROOT = iphoneos;
			};
			name = Distribution;
		};
		FE71EE9D1250BE54008AF579 /* Distribution */ = {
			isa = XCBuildConfiguration;
			buildSettings = {
				ARCHS = "$(ARCHS_STANDARD_32_BIT)";
				CODE_SIGN_ENTITLEMENTS = Entitlements.plist;
				CODE_SIGN_IDENTITY = "iPhone Developer";
				"CODE_SIGN_IDENTITY[sdk=iphoneos*]" = "iPhone Distribution";
				GCC_PRECOMPILE_PREFIX_HEADER = YES;
				GCC_PREFIX_HEADER = MGOV_Prefix.pch;
				INFOPLIST_FILE = "MGOV-Info.plist";
				LIBRARY_SEARCH_PATHS = (
					"$(inherited)",
					"\"$(SRCROOT)\"",
				);
				PRODUCT_NAME = MGOV;
				PROVISIONING_PROFILE = "";
				"PROVISIONING_PROFILE[sdk=iphoneos*]" = "";
				SDKROOT = iphoneos;
				VALIDATE_PRODUCT = YES;
			};
			name = Distribution;
		};
/* End XCBuildConfiguration section */

/* Begin XCConfigurationList section */
		1D6058960D05DD3E006BFB54 /* Build configuration list for PBXNativeTarget "MGOV" */ = {
			isa = XCConfigurationList;
			buildConfigurations = (
				1D6058940D05DD3E006BFB54 /* Debug */,
				1D6058950D05DD3E006BFB54 /* Release */,
				FE71EE9D1250BE54008AF579 /* Distribution */,
			);
			defaultConfigurationIsVisible = 0;
			defaultConfigurationName = Debug;
		};
		C01FCF4E08A954540054247B /* Build configuration list for PBXProject "MGOV" */ = {
			isa = XCConfigurationList;
			buildConfigurations = (
				C01FCF4F08A954540054247B /* Debug */,
				C01FCF5008A954540054247B /* Release */,
				FE71EE9C1250BE54008AF579 /* Distribution */,
			);
			defaultConfigurationIsVisible = 0;
			defaultConfigurationName = Debug;
		};
/* End XCConfigurationList section */
	};
	rootObject = 29B97313FDCFA39411CA2CEA /* Project object */;
}
