// !$*UTF8*$!
{
	archiveVersion = 1;
	classes = {
	};
	objectVersion = 45;
	objects = {

/* Begin PBXBuildFile section */
		1D3623260D0F684500981E51 /* MGOVAppDelegate.m in Sources */ = {isa = PBXBuildFile; fileRef = 1D3623250D0F684500981E51 /* MGOVAppDelegate.m */; };
		1D60589B0D05DD56006BFB54 /* main.m in Sources */ = {isa = PBXBuildFile; fileRef = 29B97316FDCFA39411CA2CEA /* main.m */; };
		1D60589F0D05DD5A006BFB54 /* Foundation.framework in Frameworks */ = {isa = PBXBuildFile; fileRef = 1D30AB110D05D00D00671497 /* Foundation.framework */; };
		1DF5F4E00D08C38300B7A737 /* UIKit.framework in Frameworks */ = {isa = PBXBuildFile; fileRef = 1DF5F4DF0D08C38300B7A737 /* UIKit.framework */; };
		288765FD0DF74451002DB57D /* CoreGraphics.framework in Frameworks */ = {isa = PBXBuildFile; fileRef = 288765FC0DF74451002DB57D /* CoreGraphics.framework */; };
		28AD733F0D9D9553002E5188 /* MainWindow.xib in Resources */ = {isa = PBXBuildFile; fileRef = 28AD733E0D9D9553002E5188 /* MainWindow.xib */; };
		2A097062122B60200048D841 /* QuartzCore.framework in Frameworks */ = {isa = PBXBuildFile; fileRef = 2A097061122B60200048D841 /* QuartzCore.framework */; };
		2A0974F4122BC7270048D841 /* LocationSelectorViewController.m in Sources */ = {isa = PBXBuildFile; fileRef = 2A0974F2122BC7270048D841 /* LocationSelectorViewController.m */; };
		2A0974F5122BC7270048D841 /* LocationSelectorViewController.xib in Resources */ = {isa = PBXBuildFile; fileRef = 2A0974F3122BC7270048D841 /* LocationSelectorViewController.xib */; };
		2A4CD56D1240FDA000991E98 /* SystemConfiguration.framework in Frameworks */ = {isa = PBXBuildFile; fileRef = 2A4CD56C1240FDA000991E98 /* SystemConfiguration.framework */; };
		2A560EA71226A60A00F3800F /* CoreData.framework in Frameworks */ = {isa = PBXBuildFile; fileRef = 2A560EA61226A60A00F3800F /* CoreData.framework */; };
		2A560ED41226A6E700F3800F /* MGOVGeocoder.m in Sources */ = {isa = PBXBuildFile; fileRef = 2A560ED31226A6E700F3800F /* MGOVGeocoder.m */; };
		2A79AC231223FB7C00F140A2 /* CaseAddViewController.m in Sources */ = {isa = PBXBuildFile; fileRef = 2A79AC1D1223FB7C00F140A2 /* CaseAddViewController.m */; };
		2A79AC241223FB7C00F140A2 /* CaseAddViewController.xib in Resources */ = {isa = PBXBuildFile; fileRef = 2A79AC1F1223FB7C00F140A2 /* CaseAddViewController.xib */; };
		2A85D1691239BA3800DB99C2 /* LoadingView.m in Sources */ = {isa = PBXBuildFile; fileRef = 2A85D1671239BA3800DB99C2 /* LoadingView.m */; };
		2AC8B454122CB478007E3FC8 /* SBJsonWriter.m in Sources */ = {isa = PBXBuildFile; fileRef = 2AC8B447122CB478007E3FC8 /* SBJsonWriter.m */; };
		2AC8B455122CB478007E3FC8 /* SBJsonParser.m in Sources */ = {isa = PBXBuildFile; fileRef = 2AC8B449122CB478007E3FC8 /* SBJsonParser.m */; };
		2AC8B456122CB478007E3FC8 /* SBJsonBase.m in Sources */ = {isa = PBXBuildFile; fileRef = 2AC8B44B122CB478007E3FC8 /* SBJsonBase.m */; };
		2AC8B457122CB478007E3FC8 /* SBJSON.m in Sources */ = {isa = PBXBuildFile; fileRef = 2AC8B44D122CB478007E3FC8 /* SBJSON.m */; };
		2AC8B458122CB478007E3FC8 /* NSString+SBJSON.m in Sources */ = {isa = PBXBuildFile; fileRef = 2AC8B44F122CB478007E3FC8 /* NSString+SBJSON.m */; };
		2AC8B459122CB478007E3FC8 /* NSObject+SBJSON.m in Sources */ = {isa = PBXBuildFile; fileRef = 2AC8B451122CB478007E3FC8 /* NSObject+SBJSON.m */; };
		2AE35A181226B02F00B37A4B /* MapKit.framework in Frameworks */ = {isa = PBXBuildFile; fileRef = 2AE35A171226B02F00B37A4B /* MapKit.framework */; };
		2AE48A871240AE37005547F3 /* CaseAddTempInformation.plist in Resources */ = {isa = PBXBuildFile; fileRef = 2AE48A861240AE37005547F3 /* CaseAddTempInformation.plist */; };
		2AEBA5EA1225FE95000A4D21 /* CoreLocation.framework in Frameworks */ = {isa = PBXBuildFile; fileRef = 2AEBA5E91225FE95000A4D21 /* CoreLocation.framework */; };
		2AEBFCD3124B22FF0047B3E6 /* ASIAuthenticationDialog.m in Sources */ = {isa = PBXBuildFile; fileRef = 2AEBFCC2124B22FF0047B3E6 /* ASIAuthenticationDialog.m */; };
		2AEBFCD4124B22FF0047B3E6 /* ASIDownloadCache.m in Sources */ = {isa = PBXBuildFile; fileRef = 2AEBFCC5124B22FF0047B3E6 /* ASIDownloadCache.m */; };
		2AEBFCD5124B22FF0047B3E6 /* ASIFormDataRequest.m in Sources */ = {isa = PBXBuildFile; fileRef = 2AEBFCC7124B22FF0047B3E6 /* ASIFormDataRequest.m */; };
		2AEBFCD6124B22FF0047B3E6 /* ASIHTTPRequest.m in Sources */ = {isa = PBXBuildFile; fileRef = 2AEBFCC9124B22FF0047B3E6 /* ASIHTTPRequest.m */; };
		2AEBFCD7124B22FF0047B3E6 /* ASIInputStream.m in Sources */ = {isa = PBXBuildFile; fileRef = 2AEBFCCD124B22FF0047B3E6 /* ASIInputStream.m */; };
		2AEBFCD8124B22FF0047B3E6 /* ASINetworkQueue.m in Sources */ = {isa = PBXBuildFile; fileRef = 2AEBFCCF124B22FF0047B3E6 /* ASINetworkQueue.m */; };
		2AEBFCD9124B22FF0047B3E6 /* Reachability.m in Sources */ = {isa = PBXBuildFile; fileRef = 2AEBFCD2124B22FF0047B3E6 /* Reachability.m */; };
		2AEBFCFC124B25110047B3E6 /* CFNetwork.framework in Frameworks */ = {isa = PBXBuildFile; fileRef = 2AEBFCFB124B25110047B3E6 /* CFNetwork.framework */; };
		2AEBFD00124B25270047B3E6 /* MobileCoreServices.framework in Frameworks */ = {isa = PBXBuildFile; fileRef = 2AEBFCFF124B25270047B3E6 /* MobileCoreServices.framework */; };
		2AEBFD03124B25410047B3E6 /* libz.1.2.3.dylib in Frameworks */ = {isa = PBXBuildFile; fileRef = 2AEBFD02124B25410047B3E6 /* libz.1.2.3.dylib */; };
		FE17463C122D179C00641599 /* NoMyCase.png in Resources */ = {isa = PBXBuildFile; fileRef = FE17463B122D179C00641599 /* NoMyCase.png */; };
		FE174735122D276400641599 /* PhotoPickerTableCell.m in Sources */ = {isa = PBXBuildFile; fileRef = FE174734122D276400641599 /* PhotoPickerTableCell.m */; };
		FE1747A9122D2D6B00641599 /* LocationSelectorTableCell.m in Sources */ = {isa = PBXBuildFile; fileRef = FE1747A8122D2D6B00641599 /* LocationSelectorTableCell.m */; };
		FE1747DD122D303500641599 /* NameFieldTableCell.m in Sources */ = {isa = PBXBuildFile; fileRef = FE1747DC122D303500641599 /* NameFieldTableCell.m */; };
		FE174803122D329C00641599 /* DescriptionTableCell.m in Sources */ = {isa = PBXBuildFile; fileRef = FE174802122D329C00641599 /* DescriptionTableCell.m */; };
		FE3FFE14122F7904008B0E48 /* CaseViewerViewController.m in Sources */ = {isa = PBXBuildFile; fileRef = FE3FFE12122F7904008B0E48 /* CaseViewerViewController.m */; };
		FE3FFE15122F7904008B0E48 /* CaseViewerViewController.xib in Resources */ = {isa = PBXBuildFile; fileRef = FE3FFE13122F7904008B0E48 /* CaseViewerViewController.xib */; };
		FE4EE76F1223F68F00737028 /* reportDetails.plist in Resources */ = {isa = PBXBuildFile; fileRef = FE4EE76A1223F68F00737028 /* reportDetails.plist */; };
		FE4EE7701223F68F00737028 /* reportQid.plist in Resources */ = {isa = PBXBuildFile; fileRef = FE4EE76B1223F68F00737028 /* reportQid.plist */; };
		FE4EE7711223F68F00737028 /* reportSecondDetails.plist in Resources */ = {isa = PBXBuildFile; fileRef = FE4EE76C1223F68F00737028 /* reportSecondDetails.plist */; };
		FE4EE7721223F68F00737028 /* reportSections.plist in Resources */ = {isa = PBXBuildFile; fileRef = FE4EE76D1223F68F00737028 /* reportSections.plist */; };
		FE4EE7731223F68F00737028 /* reportTypes.plist in Resources */ = {isa = PBXBuildFile; fileRef = FE4EE76E1223F68F00737028 /* reportTypes.plist */; };
		FE4EE77A1223F6D100737028 /* detailViewController.m in Sources */ = {isa = PBXBuildFile; fileRef = FE4EE7751223F6D100737028 /* detailViewController.m */; };
		FE4EE77B1223F6D100737028 /* secondDetailViewController.m in Sources */ = {isa = PBXBuildFile; fileRef = FE4EE7771223F6D100737028 /* secondDetailViewController.m */; };
		FE4EE77C1223F6D100737028 /* typesViewController.m in Sources */ = {isa = PBXBuildFile; fileRef = FE4EE7791223F6D100737028 /* typesViewController.m */; };
		FE4EE7801223F72E00737028 /* detailViewController.xib in Resources */ = {isa = PBXBuildFile; fileRef = FE4EE77D1223F72E00737028 /* detailViewController.xib */; };
		FE4EE7811223F72E00737028 /* secondDetailViewController.xib in Resources */ = {isa = PBXBuildFile; fileRef = FE4EE77E1223F72E00737028 /* secondDetailViewController.xib */; };
		FE4EE7821223F72E00737028 /* typesViewController.xib in Resources */ = {isa = PBXBuildFile; fileRef = FE4EE77F1223F72E00737028 /* typesViewController.xib */; };
		FE71EE64125091E2008AF579 /* Icon.png in Resources */ = {isa = PBXBuildFile; fileRef = FE71EE62125091E2008AF579 /* Icon.png */; };
		FE71EE65125091E2008AF579 /* Icon@2x.png in Resources */ = {isa = PBXBuildFile; fileRef = FE71EE63125091E2008AF579 /* Icon@2x.png */; };
		FE71EED61250C7E2008AF579 /* Icon-72.png in Resources */ = {isa = PBXBuildFile; fileRef = FE71EED11250C7E2008AF579 /* Icon-72.png */; };
		FE71EED71250C7E2008AF579 /* Icon-Small-50.png in Resources */ = {isa = PBXBuildFile; fileRef = FE71EED21250C7E2008AF579 /* Icon-Small-50.png */; };
		FE71EED81250C7E2008AF579 /* Icon-Small.png in Resources */ = {isa = PBXBuildFile; fileRef = FE71EED31250C7E2008AF579 /* Icon-Small.png */; };
		FE71EED91250C7E2008AF579 /* Icon-Small@2x.png in Resources */ = {isa = PBXBuildFile; fileRef = FE71EED41250C7E2008AF579 /* Icon-Small@2x.png */; };
		FE71EEDA1250C7E2008AF579 /* iTunesArtwork in Resources */ = {isa = PBXBuildFile; fileRef = FE71EED51250C7E2008AF579 /* iTunesArtwork */; };
		FE7D048312352AA5007FA0A1 /* QidToType.plist in Resources */ = {isa = PBXBuildFile; fileRef = FE7D048212352AA5007FA0A1 /* QidToType.plist */; };
		FEB39A5C1237EF70007359AB /* QueryGoogleAppEngine.m in Sources */ = {isa = PBXBuildFile; fileRef = FEB39A5B1237EF70007359AB /* QueryGoogleAppEngine.m */; };
		FEB39BD212388842007359AB /* MyCaseViewController.m in Sources */ = {isa = PBXBuildFile; fileRef = FEB39BD112388842007359AB /* MyCaseViewController.m */; };
		FEB39CA412389597007359AB /* CaseSelectorViewController.m in Sources */ = {isa = PBXBuildFile; fileRef = FEB39CA312389597007359AB /* CaseSelectorViewController.m */; };
		FEB39FE71238CF32007359AB /* QueryViewController.m in Sources */ = {isa = PBXBuildFile; fileRef = FEB39FE61238CF32007359AB /* QueryViewController.m */; };
		FED3DDE81224EA3A001D3C73 /* UserInformation.plist in Resources */ = {isa = PBXBuildFile; fileRef = FED3DDE71224EA3A001D3C73 /* UserInformation.plist */; };
		FEE81538122791BF00D82E46 /* AppMKAnnotation.m in Sources */ = {isa = PBXBuildFile; fileRef = FEE81537122791BF00D82E46 /* AppMKAnnotation.m */; };
		FEEB1FEE12392E6B00B24560 /* CaseSelectorCell.m in Sources */ = {isa = PBXBuildFile; fileRef = FEEB1FED12392E6B00B24560 /* CaseSelectorCell.m */; };
		FEEB20CF12394EDB00B24560 /* fail.png in Resources */ = {isa = PBXBuildFile; fileRef = FEEB20CC12394EDB00B24560 /* fail.png */; };
		FEEB20D012394EDB00B24560 /* ok.png in Resources */ = {isa = PBXBuildFile; fileRef = FEEB20CD12394EDB00B24560 /* ok.png */; };
		FEEB20D112394EDB00B24560 /* unknown.png in Resources */ = {isa = PBXBuildFile; fileRef = FEEB20CE12394EDB00B24560 /* unknown.png */; };
		FEF0D2C01230CACA000317C5 /* AppClassExtension.m in Sources */ = {isa = PBXBuildFile; fileRef = FEF0D2BF1230CACA000317C5 /* AppClassExtension.m */; };
/* End PBXBuildFile section */

/* Begin PBXFileReference section */
		1D30AB110D05D00D00671497 /* Foundation.framework */ = {isa = PBXFileReference; lastKnownFileType = wrapper.framework; name = Foundation.framework; path = System/Library/Frameworks/Foundation.framework; sourceTree = SDKROOT; };
		1D3623240D0F684500981E51 /* MGOVAppDelegate.h */ = {isa = PBXFileReference; fileEncoding = 4; lastKnownFileType = sourcecode.c.h; path = MGOVAppDelegate.h; sourceTree = "<group>"; };
		1D3623250D0F684500981E51 /* MGOVAppDelegate.m */ = {isa = PBXFileReference; fileEncoding = 4; lastKnownFileType = sourcecode.c.objc; path = MGOVAppDelegate.m; sourceTree = "<group>"; };
		1D6058910D05DD3D006BFB54 /* MGOV.app */ = {isa = PBXFileReference; explicitFileType = wrapper.application; includeInIndex = 0; path = MGOV.app; sourceTree = BUILT_PRODUCTS_DIR; };
		1DF5F4DF0D08C38300B7A737 /* UIKit.framework */ = {isa = PBXFileReference; lastKnownFileType = wrapper.framework; name = UIKit.framework; path = System/Library/Frameworks/UIKit.framework; sourceTree = SDKROOT; };
		288765FC0DF74451002DB57D /* CoreGraphics.framework */ = {isa = PBXFileReference; lastKnownFileType = wrapper.framework; name = CoreGraphics.framework; path = System/Library/Frameworks/CoreGraphics.framework; sourceTree = SDKROOT; };
		28AD733E0D9D9553002E5188 /* MainWindow.xib */ = {isa = PBXFileReference; lastKnownFileType = file.xib; path = MainWindow.xib; sourceTree = "<group>"; };
		29B97316FDCFA39411CA2CEA /* main.m */ = {isa = PBXFileReference; fileEncoding = 4; lastKnownFileType = sourcecode.c.objc; path = main.m; sourceTree = "<group>"; };
		2A097061122B60200048D841 /* QuartzCore.framework */ = {isa = PBXFileReference; lastKnownFileType = wrapper.framework; name = QuartzCore.framework; path = System/Library/Frameworks/QuartzCore.framework; sourceTree = SDKROOT; };
		2A0974F1122BC7270048D841 /* LocationSelectorViewController.h */ = {isa = PBXFileReference; fileEncoding = 4; lastKnownFileType = sourcecode.c.h; path = LocationSelectorViewController.h; sourceTree = "<group>"; };
		2A0974F2122BC7270048D841 /* LocationSelectorViewController.m */ = {isa = PBXFileReference; fileEncoding = 4; lastKnownFileType = sourcecode.c.objc; path = LocationSelectorViewController.m; sourceTree = "<group>"; };
		2A0974F3122BC7270048D841 /* LocationSelectorViewController.xib */ = {isa = PBXFileReference; lastKnownFileType = file.xib; name = LocationSelectorViewController.xib; path = Classes/LocationSelectorViewController.xib; sourceTree = "<group>"; };
		2A4CD56C1240FDA000991E98 /* SystemConfiguration.framework */ = {isa = PBXFileReference; lastKnownFileType = wrapper.framework; name = SystemConfiguration.framework; path = /System/Library/Frameworks/SystemConfiguration.framework; sourceTree = "<absolute>"; };
		2A560EA61226A60A00F3800F /* CoreData.framework */ = {isa = PBXFileReference; lastKnownFileType = wrapper.framework; name = CoreData.framework; path = System/Library/Frameworks/CoreData.framework; sourceTree = SDKROOT; };
		2A560ED21226A6E700F3800F /* MGOVGeocoder.h */ = {isa = PBXFileReference; fileEncoding = 4; lastKnownFileType = sourcecode.c.h; path = MGOVGeocoder.h; sourceTree = "<group>"; };
		2A560ED31226A6E700F3800F /* MGOVGeocoder.m */ = {isa = PBXFileReference; fileEncoding = 4; lastKnownFileType = sourcecode.c.objc; path = MGOVGeocoder.m; sourceTree = "<group>"; };
		2A79AC1D1223FB7C00F140A2 /* CaseAddViewController.m */ = {isa = PBXFileReference; fileEncoding = 4; lastKnownFileType = sourcecode.c.objc; path = CaseAddViewController.m; sourceTree = "<group>"; };
		2A79AC1E1223FB7C00F140A2 /* CaseAddViewController.h */ = {isa = PBXFileReference; fileEncoding = 4; lastKnownFileType = sourcecode.c.h; path = CaseAddViewController.h; sourceTree = "<group>"; };
		2A79AC1F1223FB7C00F140A2 /* CaseAddViewController.xib */ = {isa = PBXFileReference; lastKnownFileType = file.xib; name = CaseAddViewController.xib; path = Classes/CaseAddViewController.xib; sourceTree = "<group>"; };
		2A85D1671239BA3800DB99C2 /* LoadingView.m */ = {isa = PBXFileReference; fileEncoding = 4; lastKnownFileType = sourcecode.c.objc; name = LoadingView.m; path = Classes/LoadingView.m; sourceTree = SOURCE_ROOT; };
		2A85D1681239BA3800DB99C2 /* LoadingView.h */ = {isa = PBXFileReference; fileEncoding = 4; lastKnownFileType = sourcecode.c.h; name = LoadingView.h; path = Classes/LoadingView.h; sourceTree = SOURCE_ROOT; };
		2AC8B447122CB478007E3FC8 /* SBJsonWriter.m */ = {isa = PBXFileReference; fileEncoding = 4; lastKnownFileType = sourcecode.c.objc; name = SBJsonWriter.m; path = Classes/SBJsonWriter.m; sourceTree = SOURCE_ROOT; };
		2AC8B448122CB478007E3FC8 /* SBJsonWriter.h */ = {isa = PBXFileReference; fileEncoding = 4; lastKnownFileType = sourcecode.c.h; name = SBJsonWriter.h; path = Classes/SBJsonWriter.h; sourceTree = SOURCE_ROOT; };
		2AC8B449122CB478007E3FC8 /* SBJsonParser.m */ = {isa = PBXFileReference; fileEncoding = 4; lastKnownFileType = sourcecode.c.objc; name = SBJsonParser.m; path = Classes/SBJsonParser.m; sourceTree = SOURCE_ROOT; };
		2AC8B44A122CB478007E3FC8 /* SBJsonParser.h */ = {isa = PBXFileReference; fileEncoding = 4; lastKnownFileType = sourcecode.c.h; name = SBJsonParser.h; path = Classes/SBJsonParser.h; sourceTree = SOURCE_ROOT; };
		2AC8B44B122CB478007E3FC8 /* SBJsonBase.m */ = {isa = PBXFileReference; fileEncoding = 4; lastKnownFileType = sourcecode.c.objc; name = SBJsonBase.m; path = Classes/SBJsonBase.m; sourceTree = SOURCE_ROOT; };
		2AC8B44C122CB478007E3FC8 /* SBJsonBase.h */ = {isa = PBXFileReference; fileEncoding = 4; lastKnownFileType = sourcecode.c.h; name = SBJsonBase.h; path = Classes/SBJsonBase.h; sourceTree = SOURCE_ROOT; };
		2AC8B44D122CB478007E3FC8 /* SBJSON.m */ = {isa = PBXFileReference; fileEncoding = 4; lastKnownFileType = sourcecode.c.objc; name = SBJSON.m; path = Classes/SBJSON.m; sourceTree = SOURCE_ROOT; };
		2AC8B44E122CB478007E3FC8 /* SBJSON.h */ = {isa = PBXFileReference; fileEncoding = 4; lastKnownFileType = sourcecode.c.h; name = SBJSON.h; path = Classes/SBJSON.h; sourceTree = SOURCE_ROOT; };
		2AC8B44F122CB478007E3FC8 /* NSString+SBJSON.m */ = {isa = PBXFileReference; fileEncoding = 4; lastKnownFileType = sourcecode.c.objc; name = "NSString+SBJSON.m"; path = "Classes/NSString+SBJSON.m"; sourceTree = SOURCE_ROOT; };
		2AC8B450122CB478007E3FC8 /* NSString+SBJSON.h */ = {isa = PBXFileReference; fileEncoding = 4; lastKnownFileType = sourcecode.c.h; name = "NSString+SBJSON.h"; path = "Classes/NSString+SBJSON.h"; sourceTree = SOURCE_ROOT; };
		2AC8B451122CB478007E3FC8 /* NSObject+SBJSON.m */ = {isa = PBXFileReference; fileEncoding = 4; lastKnownFileType = sourcecode.c.objc; name = "NSObject+SBJSON.m"; path = "Classes/NSObject+SBJSON.m"; sourceTree = SOURCE_ROOT; };
		2AC8B452122CB478007E3FC8 /* NSObject+SBJSON.h */ = {isa = PBXFileReference; fileEncoding = 4; lastKnownFileType = sourcecode.c.h; name = "NSObject+SBJSON.h"; path = "Classes/NSObject+SBJSON.h"; sourceTree = SOURCE_ROOT; };
		2AC8B453122CB478007E3FC8 /* JSON.h */ = {isa = PBXFileReference; fileEncoding = 4; lastKnownFileType = sourcecode.c.h; name = JSON.h; path = Classes/JSON.h; sourceTree = SOURCE_ROOT; };
		2AE35A171226B02F00B37A4B /* MapKit.framework */ = {isa = PBXFileReference; lastKnownFileType = wrapper.framework; name = MapKit.framework; path = System/Library/Frameworks/MapKit.framework; sourceTree = SDKROOT; };
		2AE48A861240AE37005547F3 /* CaseAddTempInformation.plist */ = {isa = PBXFileReference; fileEncoding = 4; lastKnownFileType = text.plist.xml; path = CaseAddTempInformation.plist; sourceTree = "<group>"; };
		2AEBA5E91225FE95000A4D21 /* CoreLocation.framework */ = {isa = PBXFileReference; lastKnownFileType = wrapper.framework; name = CoreLocation.framework; path = System/Library/Frameworks/CoreLocation.framework; sourceTree = SDKROOT; };
		2AEBFCC1124B22FF0047B3E6 /* ASIAuthenticationDialog.h */ = {isa = PBXFileReference; fileEncoding = 4; lastKnownFileType = sourcecode.c.h; path = ASIAuthenticationDialog.h; sourceTree = "<group>"; };
		2AEBFCC2124B22FF0047B3E6 /* ASIAuthenticationDialog.m */ = {isa = PBXFileReference; fileEncoding = 4; lastKnownFileType = sourcecode.c.objc; path = ASIAuthenticationDialog.m; sourceTree = "<group>"; };
		2AEBFCC3124B22FF0047B3E6 /* ASICacheDelegate.h */ = {isa = PBXFileReference; fileEncoding = 4; lastKnownFileType = sourcecode.c.h; path = ASICacheDelegate.h; sourceTree = "<group>"; };
		2AEBFCC4124B22FF0047B3E6 /* ASIDownloadCache.h */ = {isa = PBXFileReference; fileEncoding = 4; lastKnownFileType = sourcecode.c.h; path = ASIDownloadCache.h; sourceTree = "<group>"; };
		2AEBFCC5124B22FF0047B3E6 /* ASIDownloadCache.m */ = {isa = PBXFileReference; fileEncoding = 4; lastKnownFileType = sourcecode.c.objc; path = ASIDownloadCache.m; sourceTree = "<group>"; };
		2AEBFCC6124B22FF0047B3E6 /* ASIFormDataRequest.h */ = {isa = PBXFileReference; fileEncoding = 4; lastKnownFileType = sourcecode.c.h; path = ASIFormDataRequest.h; sourceTree = "<group>"; };
		2AEBFCC7124B22FF0047B3E6 /* ASIFormDataRequest.m */ = {isa = PBXFileReference; fileEncoding = 4; lastKnownFileType = sourcecode.c.objc; path = ASIFormDataRequest.m; sourceTree = "<group>"; };
		2AEBFCC8124B22FF0047B3E6 /* ASIHTTPRequest.h */ = {isa = PBXFileReference; fileEncoding = 4; lastKnownFileType = sourcecode.c.h; path = ASIHTTPRequest.h; sourceTree = "<group>"; };
		2AEBFCC9124B22FF0047B3E6 /* ASIHTTPRequest.m */ = {isa = PBXFileReference; fileEncoding = 4; lastKnownFileType = sourcecode.c.objc; path = ASIHTTPRequest.m; sourceTree = "<group>"; };
		2AEBFCCA124B22FF0047B3E6 /* ASIHTTPRequestConfig.h */ = {isa = PBXFileReference; fileEncoding = 4; lastKnownFileType = sourcecode.c.h; path = ASIHTTPRequestConfig.h; sourceTree = "<group>"; };
		2AEBFCCB124B22FF0047B3E6 /* ASIHTTPRequestDelegate.h */ = {isa = PBXFileReference; fileEncoding = 4; lastKnownFileType = sourcecode.c.h; path = ASIHTTPRequestDelegate.h; sourceTree = "<group>"; };
		2AEBFCCC124B22FF0047B3E6 /* ASIInputStream.h */ = {isa = PBXFileReference; fileEncoding = 4; lastKnownFileType = sourcecode.c.h; path = ASIInputStream.h; sourceTree = "<group>"; };
		2AEBFCCD124B22FF0047B3E6 /* ASIInputStream.m */ = {isa = PBXFileReference; fileEncoding = 4; lastKnownFileType = sourcecode.c.objc; path = ASIInputStream.m; sourceTree = "<group>"; };
		2AEBFCCE124B22FF0047B3E6 /* ASINetworkQueue.h */ = {isa = PBXFileReference; fileEncoding = 4; lastKnownFileType = sourcecode.c.h; path = ASINetworkQueue.h; sourceTree = "<group>"; };
		2AEBFCCF124B22FF0047B3E6 /* ASINetworkQueue.m */ = {isa = PBXFileReference; fileEncoding = 4; lastKnownFileType = sourcecode.c.objc; path = ASINetworkQueue.m; sourceTree = "<group>"; };
		2AEBFCD0124B22FF0047B3E6 /* ASIProgressDelegate.h */ = {isa = PBXFileReference; fileEncoding = 4; lastKnownFileType = sourcecode.c.h; path = ASIProgressDelegate.h; sourceTree = "<group>"; };
		2AEBFCD1124B22FF0047B3E6 /* Reachability.h */ = {isa = PBXFileReference; fileEncoding = 4; lastKnownFileType = sourcecode.c.h; path = Reachability.h; sourceTree = "<group>"; };
		2AEBFCD2124B22FF0047B3E6 /* Reachability.m */ = {isa = PBXFileReference; fileEncoding = 4; lastKnownFileType = sourcecode.c.objc; path = Reachability.m; sourceTree = "<group>"; };
		2AEBFCFB124B25110047B3E6 /* CFNetwork.framework */ = {isa = PBXFileReference; lastKnownFileType = wrapper.framework; name = CFNetwork.framework; path = iphoneos4.1/System/Library/Frameworks/CFNetwork.framework; sourceTree = "<group>"; };
		2AEBFCFF124B25270047B3E6 /* MobileCoreServices.framework */ = {isa = PBXFileReference; lastKnownFileType = wrapper.framework; name = MobileCoreServices.framework; path = System/Library/Frameworks/MobileCoreServices.framework; sourceTree = SDKROOT; };
		2AEBFD02124B25410047B3E6 /* libz.1.2.3.dylib */ = {isa = PBXFileReference; lastKnownFileType = "compiled.mach-o.dylib"; name = libz.1.2.3.dylib; path = usr/lib/libz.1.2.3.dylib; sourceTree = SDKROOT; };
		32CA4F630368D1EE00C91783 /* MGOV_Prefix.pch */ = {isa = PBXFileReference; fileEncoding = 4; lastKnownFileType = sourcecode.c.h; path = MGOV_Prefix.pch; sourceTree = "<group>"; };
		8D1107310486CEB800E47090 /* MGOV-Info.plist */ = {isa = PBXFileReference; fileEncoding = 4; lastKnownFileType = text.plist.xml; path = "MGOV-Info.plist"; plistStructureDefinitionIdentifier = "com.apple.xcode.plist.structure-definition.iphone.info-plist"; sourceTree = "<group>"; };
		FE17463B122D179C00641599 /* NoMyCase.png */ = {isa = PBXFileReference; lastKnownFileType = image.png; path = NoMyCase.png; sourceTree = "<group>"; };
		FE174733122D276400641599 /* PhotoPickerTableCell.h */ = {isa = PBXFileReference; fileEncoding = 4; lastKnownFileType = sourcecode.c.h; path = PhotoPickerTableCell.h; sourceTree = "<group>"; };
		FE174734122D276400641599 /* PhotoPickerTableCell.m */ = {isa = PBXFileReference; fileEncoding = 4; lastKnownFileType = sourcecode.c.objc; path = PhotoPickerTableCell.m; sourceTree = "<group>"; };
		FE1747A7122D2D6B00641599 /* LocationSelectorTableCell.h */ = {isa = PBXFileReference; fileEncoding = 4; lastKnownFileType = sourcecode.c.h; path = LocationSelectorTableCell.h; sourceTree = "<group>"; };
		FE1747A8122D2D6B00641599 /* LocationSelectorTableCell.m */ = {isa = PBXFileReference; fileEncoding = 4; lastKnownFileType = sourcecode.c.objc; path = LocationSelectorTableCell.m; sourceTree = "<group>"; };
		FE1747DB122D303500641599 /* NameFieldTableCell.h */ = {isa = PBXFileReference; fileEncoding = 4; lastKnownFileType = sourcecode.c.h; path = NameFieldTableCell.h; sourceTree = "<group>"; };
		FE1747DC122D303500641599 /* NameFieldTableCell.m */ = {isa = PBXFileReference; fileEncoding = 4; lastKnownFileType = sourcecode.c.objc; path = NameFieldTableCell.m; sourceTree = "<group>"; };
		FE174801122D329C00641599 /* DescriptionTableCell.h */ = {isa = PBXFileReference; fileEncoding = 4; lastKnownFileType = sourcecode.c.h; path = DescriptionTableCell.h; sourceTree = "<group>"; };
		FE174802122D329C00641599 /* DescriptionTableCell.m */ = {isa = PBXFileReference; fileEncoding = 4; lastKnownFileType = sourcecode.c.objc; path = DescriptionTableCell.m; sourceTree = "<group>"; };
		FE1E82591226A54000973DA4 /* TypeSelectorDelegateProtocol.h */ = {isa = PBXFileReference; fileEncoding = 4; lastKnownFileType = sourcecode.c.h; path = TypeSelectorDelegateProtocol.h; sourceTree = "<group>"; };
		FE3FFE11122F7904008B0E48 /* CaseViewerViewController.h */ = {isa = PBXFileReference; fileEncoding = 4; lastKnownFileType = sourcecode.c.h; path = CaseViewerViewController.h; sourceTree = "<group>"; };
		FE3FFE12122F7904008B0E48 /* CaseViewerViewController.m */ = {isa = PBXFileReference; fileEncoding = 4; lastKnownFileType = sourcecode.c.objc; path = CaseViewerViewController.m; sourceTree = "<group>"; };
		FE3FFE13122F7904008B0E48 /* CaseViewerViewController.xib */ = {isa = PBXFileReference; lastKnownFileType = file.xib; name = CaseViewerViewController.xib; path = Classes/CaseViewerViewController.xib; sourceTree = "<group>"; };
		FE4EE76A1223F68F00737028 /* reportDetails.plist */ = {isa = PBXFileReference; fileEncoding = 4; lastKnownFileType = text.plist.xml; path = reportDetails.plist; sourceTree = SOURCE_ROOT; };
		FE4EE76B1223F68F00737028 /* reportQid.plist */ = {isa = PBXFileReference; fileEncoding = 4; lastKnownFileType = text.plist.xml; path = reportQid.plist; sourceTree = SOURCE_ROOT; };
		FE4EE76C1223F68F00737028 /* reportSecondDetails.plist */ = {isa = PBXFileReference; fileEncoding = 4; lastKnownFileType = text.plist.xml; path = reportSecondDetails.plist; sourceTree = SOURCE_ROOT; };
		FE4EE76D1223F68F00737028 /* reportSections.plist */ = {isa = PBXFileReference; fileEncoding = 4; lastKnownFileType = text.plist.xml; path = reportSections.plist; sourceTree = SOURCE_ROOT; };
		FE4EE76E1223F68F00737028 /* reportTypes.plist */ = {isa = PBXFileReference; fileEncoding = 4; lastKnownFileType = text.plist.xml; path = reportTypes.plist; sourceTree = SOURCE_ROOT; };
		FE4EE7741223F6D100737028 /* detailViewController.h */ = {isa = PBXFileReference; fileEncoding = 4; lastKnownFileType = sourcecode.c.h; name = detailViewController.h; path = Classes/detailViewController.h; sourceTree = SOURCE_ROOT; };
		FE4EE7751223F6D100737028 /* detailViewController.m */ = {isa = PBXFileReference; fileEncoding = 4; lastKnownFileType = sourcecode.c.objc; name = detailViewController.m; path = Classes/detailViewController.m; sourceTree = SOURCE_ROOT; };
		FE4EE7761223F6D100737028 /* secondDetailViewController.h */ = {isa = PBXFileReference; fileEncoding = 4; lastKnownFileType = sourcecode.c.h; name = secondDetailViewController.h; path = Classes/secondDetailViewController.h; sourceTree = SOURCE_ROOT; };
		FE4EE7771223F6D100737028 /* secondDetailViewController.m */ = {isa = PBXFileReference; fileEncoding = 4; lastKnownFileType = sourcecode.c.objc; name = secondDetailViewController.m; path = Classes/secondDetailViewController.m; sourceTree = SOURCE_ROOT; };
		FE4EE7781223F6D100737028 /* typesViewController.h */ = {isa = PBXFileReference; fileEncoding = 4; lastKnownFileType = sourcecode.c.h; name = typesViewController.h; path = Classes/typesViewController.h; sourceTree = SOURCE_ROOT; };
		FE4EE7791223F6D100737028 /* typesViewController.m */ = {isa = PBXFileReference; fileEncoding = 4; lastKnownFileType = sourcecode.c.objc; name = typesViewController.m; path = Classes/typesViewController.m; sourceTree = SOURCE_ROOT; };
		FE4EE77D1223F72E00737028 /* detailViewController.xib */ = {isa = PBXFileReference; lastKnownFileType = file.xib; path = detailViewController.xib; sourceTree = "<group>"; };
		FE4EE77E1223F72E00737028 /* secondDetailViewController.xib */ = {isa = PBXFileReference; lastKnownFileType = file.xib; path = secondDetailViewController.xib; sourceTree = "<group>"; };
		FE4EE77F1223F72E00737028 /* typesViewController.xib */ = {isa = PBXFileReference; lastKnownFileType = file.xib; path = typesViewController.xib; sourceTree = "<group>"; };
		FE71EE62125091E2008AF579 /* Icon.png */ = {isa = PBXFileReference; lastKnownFileType = image.png; path = Icon.png; sourceTree = "<group>"; };
		FE71EE63125091E2008AF579 /* Icon@2x.png */ = {isa = PBXFileReference; lastKnownFileType = image.png; path = "Icon@2x.png"; sourceTree = "<group>"; };
		FE71EEB01250C082008AF579 /* Entitlements.plist */ = {isa = PBXFileReference; fileEncoding = 4; lastKnownFileType = text.plist.xml; path = Entitlements.plist; sourceTree = "<group>"; };
		FE71EED11250C7E2008AF579 /* Icon-72.png */ = {isa = PBXFileReference; lastKnownFileType = image.png; path = "Icon-72.png"; sourceTree = "<group>"; };
		FE71EED21250C7E2008AF579 /* Icon-Small-50.png */ = {isa = PBXFileReference; lastKnownFileType = image.png; path = "Icon-Small-50.png"; sourceTree = "<group>"; };
		FE71EED31250C7E2008AF579 /* Icon-Small.png */ = {isa = PBXFileReference; lastKnownFileType = image.png; path = "Icon-Small.png"; sourceTree = "<group>"; };
		FE71EED41250C7E2008AF579 /* Icon-Small@2x.png */ = {isa = PBXFileReference; lastKnownFileType = image.png; path = "Icon-Small@2x.png"; sourceTree = "<group>"; };
		FE71EED51250C7E2008AF579 /* iTunesArtwork */ = {isa = PBXFileReference; lastKnownFileType = file; path = iTunesArtwork; sourceTree = "<group>"; };
		FE7D048212352AA5007FA0A1 /* QidToType.plist */ = {isa = PBXFileReference; fileEncoding = 4; lastKnownFileType = text.plist.xml; path = QidToType.plist; sourceTree = "<group>"; };
		FEB39A5A1237EF70007359AB /* QueryGoogleAppEngine.h */ = {isa = PBXFileReference; fileEncoding = 4; lastKnownFileType = sourcecode.c.h; path = QueryGoogleAppEngine.h; sourceTree = "<group>"; };
		FEB39A5B1237EF70007359AB /* QueryGoogleAppEngine.m */ = {isa = PBXFileReference; fileEncoding = 4; lastKnownFileType = sourcecode.c.objc; path = QueryGoogleAppEngine.m; sourceTree = "<group>"; };
		FEB39BD012388842007359AB /* MyCaseViewController.h */ = {isa = PBXFileReference; fileEncoding = 4; lastKnownFileType = sourcecode.c.h; path = MyCaseViewController.h; sourceTree = "<group>"; };
		FEB39BD112388842007359AB /* MyCaseViewController.m */ = {isa = PBXFileReference; fileEncoding = 4; lastKnownFileType = sourcecode.c.objc; path = MyCaseViewController.m; sourceTree = "<group>"; };
		FEB39CA212389597007359AB /* CaseSelectorViewController.h */ = {isa = PBXFileReference; fileEncoding = 4; lastKnownFileType = sourcecode.c.h; path = CaseSelectorViewController.h; sourceTree = "<group>"; };
		FEB39CA312389597007359AB /* CaseSelectorViewController.m */ = {isa = PBXFileReference; fileEncoding = 4; lastKnownFileType = sourcecode.c.objc; path = CaseSelectorViewController.m; sourceTree = "<group>"; };
		FEB39FE51238CF32007359AB /* QueryViewController.h */ = {isa = PBXFileReference; fileEncoding = 4; lastKnownFileType = sourcecode.c.h; path = QueryViewController.h; sourceTree = "<group>"; };
		FEB39FE61238CF32007359AB /* QueryViewController.m */ = {isa = PBXFileReference; fileEncoding = 4; lastKnownFileType = sourcecode.c.objc; path = QueryViewController.m; sourceTree = "<group>"; };
		FED3DDE71224EA3A001D3C73 /* UserInformation.plist */ = {isa = PBXFileReference; fileEncoding = 4; lastKnownFileType = text.plist.xml; path = UserInformation.plist; sourceTree = "<group>"; };
		FEE81536122791BF00D82E46 /* AppMKAnnotation.h */ = {isa = PBXFileReference; fileEncoding = 4; lastKnownFileType = sourcecode.c.h; path = AppMKAnnotation.h; sourceTree = "<group>"; };
		FEE81537122791BF00D82E46 /* AppMKAnnotation.m */ = {isa = PBXFileReference; fileEncoding = 4; lastKnownFileType = sourcecode.c.objc; path = AppMKAnnotation.m; sourceTree = "<group>"; };
		FEEB1FEC12392E6B00B24560 /* CaseSelectorCell.h */ = {isa = PBXFileReference; fileEncoding = 4; lastKnownFileType = sourcecode.c.h; path = CaseSelectorCell.h; sourceTree = "<group>"; };
		FEEB1FED12392E6B00B24560 /* CaseSelectorCell.m */ = {isa = PBXFileReference; fileEncoding = 4; lastKnownFileType = sourcecode.c.objc; path = CaseSelectorCell.m; sourceTree = "<group>"; };
		FEEB20CC12394EDB00B24560 /* fail.png */ = {isa = PBXFileReference; lastKnownFileType = image.png; path = fail.png; sourceTree = "<group>"; };
		FEEB20CD12394EDB00B24560 /* ok.png */ = {isa = PBXFileReference; lastKnownFileType = image.png; path = ok.png; sourceTree = "<group>"; };
		FEEB20CE12394EDB00B24560 /* unknown.png */ = {isa = PBXFileReference; lastKnownFileType = image.png; path = unknown.png; sourceTree = "<group>"; };
		FEF0D2BE1230CACA000317C5 /* AppClassExtension.h */ = {isa = PBXFileReference; fileEncoding = 4; lastKnownFileType = sourcecode.c.h; path = AppClassExtension.h; sourceTree = "<group>"; };
		FEF0D2BF1230CACA000317C5 /* AppClassExtension.m */ = {isa = PBXFileReference; fileEncoding = 4; lastKnownFileType = sourcecode.c.objc; path = AppClassExtension.m; sourceTree = "<group>"; };
/* End PBXFileReference section */

/* Begin PBXFrameworksBuildPhase section */
		1D60588F0D05DD3D006BFB54 /* Frameworks */ = {
			isa = PBXFrameworksBuildPhase;
			buildActionMask = 2147483647;
			files = (
				1D60589F0D05DD5A006BFB54 /* Foundation.framework in Frameworks */,
				1DF5F4E00D08C38300B7A737 /* UIKit.framework in Frameworks */,
				288765FD0DF74451002DB57D /* CoreGraphics.framework in Frameworks */,
				2AEBA5EA1225FE95000A4D21 /* CoreLocation.framework in Frameworks */,
				2A560EA71226A60A00F3800F /* CoreData.framework in Frameworks */,
				2AE35A181226B02F00B37A4B /* MapKit.framework in Frameworks */,
				2A097062122B60200048D841 /* QuartzCore.framework in Frameworks */,
				2A4CD56D1240FDA000991E98 /* SystemConfiguration.framework in Frameworks */,
				2AEBFCFC124B25110047B3E6 /* CFNetwork.framework in Frameworks */,
				2AEBFD00124B25270047B3E6 /* MobileCoreServices.framework in Frameworks */,
				2AEBFD03124B25410047B3E6 /* libz.1.2.3.dylib in Frameworks */,
			);
			runOnlyForDeploymentPostprocessing = 0;
		};
/* End PBXFrameworksBuildPhase section */

/* Begin PBXGroup section */
		080E96DDFE201D6D7F000001 /* Classes */ = {
			isa = PBXGroup;
			children = (
				FE8E4BB6124C35F9006AE713 /* External API */,
				FEF0D2BE1230CACA000317C5 /* AppClassExtension.h */,
				FEF0D2BF1230CACA000317C5 /* AppClassExtension.m */,
				FEB391BA123677A9007359AB /* Case Selector */,
				FE3FFE10122F78D0008B0E48 /* Case Viewer */,
				2A0974F6122BC7300048D841 /* Location Selector */,
				2A79AC301223FBCF00F140A2 /* Query Case */,
				2A79AC2F1223FBC200F140A2 /* My Case */,
				FE4EE7461223D50200737028 /* Types and Detail Selector */,
				1D3623240D0F684500981E51 /* MGOVAppDelegate.h */,
				1D3623250D0F684500981E51 /* MGOVAppDelegate.m */,
				2A85D1671239BA3800DB99C2 /* LoadingView.m */,
				2A85D1681239BA3800DB99C2 /* LoadingView.h */,
			);
			path = Classes;
			sourceTree = "<group>";
		};
		19C28FACFE9D520D11CA2CBB /* Products */ = {
			isa = PBXGroup;
			children = (
				1D6058910D05DD3D006BFB54 /* MGOV.app */,
			);
			name = Products;
			sourceTree = "<group>";
		};
		29B97314FDCFA39411CA2CEA /* CustomTemplate */ = {
			isa = PBXGroup;
			children = (
				080E96DDFE201D6D7F000001 /* Classes */,
				29B97315FDCFA39411CA2CEA /* Other Sources */,
				29B97317FDCFA39411CA2CEA /* Resources */,
				29B97323FDCFA39411CA2CEA /* Frameworks */,
				19C28FACFE9D520D11CA2CBB /* Products */,
				FE71EEB01250C082008AF579 /* Entitlements.plist */,
			);
			name = CustomTemplate;
			sourceTree = "<group>";
		};
		29B97315FDCFA39411CA2CEA /* Other Sources */ = {
			isa = PBXGroup;
			children = (
				32CA4F630368D1EE00C91783 /* MGOV_Prefix.pch */,
				29B97316FDCFA39411CA2CEA /* main.m */,
			);
			name = "Other Sources";
			sourceTree = "<group>";
		};
		29B97317FDCFA39411CA2CEA /* Resources */ = {
			isa = PBXGroup;
			children = (
				FE71EED11250C7E2008AF579 /* Icon-72.png */,
				FE71EED21250C7E2008AF579 /* Icon-Small-50.png */,
				FE71EED31250C7E2008AF579 /* Icon-Small.png */,
				FE71EED41250C7E2008AF579 /* Icon-Small@2x.png */,
				FE71EED51250C7E2008AF579 /* iTunesArtwork */,
				FE71EE62125091E2008AF579 /* Icon.png */,
				FE71EE63125091E2008AF579 /* Icon@2x.png */,
				FE17463D122D17A400641599 /* Icon And Pictures */,
				2A79AC2D1223FB9B00F140A2 /* Interface Builder */,
				FE4EE75F1223F5F700737028 /* Types and Detail Strings */,
				8D1107310486CEB800E47090 /* MGOV-Info.plist */,
				FED3DDE71224EA3A001D3C73 /* UserInformation.plist */,
				2AE48A861240AE37005547F3 /* CaseAddTempInformation.plist */,
			);
			name = Resources;
			sourceTree = "<group>";
		};
		29B97323FDCFA39411CA2CEA /* Frameworks */ = {
			isa = PBXGroup;
			children = (
				2AEBFCFB124B25110047B3E6 /* CFNetwork.framework */,
				2A4CD56C1240FDA000991E98 /* SystemConfiguration.framework */,
				1DF5F4DF0D08C38300B7A737 /* UIKit.framework */,
				1D30AB110D05D00D00671497 /* Foundation.framework */,
				288765FC0DF74451002DB57D /* CoreGraphics.framework */,
				2AEBA5E91225FE95000A4D21 /* CoreLocation.framework */,
				2A560EA61226A60A00F3800F /* CoreData.framework */,
				2AE35A171226B02F00B37A4B /* MapKit.framework */,
				2A097061122B60200048D841 /* QuartzCore.framework */,
				2AEBFCFF124B25270047B3E6 /* MobileCoreServices.framework */,
				2AEBFD02124B25410047B3E6 /* libz.1.2.3.dylib */,
			);
			name = Frameworks;
			sourceTree = "<group>";
		};
		2A0974F6122BC7300048D841 /* Location Selector */ = {
			isa = PBXGroup;
			children = (
				2A560ED21226A6E700F3800F /* MGOVGeocoder.h */,
				2A560ED31226A6E700F3800F /* MGOVGeocoder.m */,
				2A0974F1122BC7270048D841 /* LocationSelectorViewController.h */,
				2A0974F2122BC7270048D841 /* LocationSelectorViewController.m */,
				FEE81536122791BF00D82E46 /* AppMKAnnotation.h */,
				FEE81537122791BF00D82E46 /* AppMKAnnotation.m */,
			);
			name = "Location Selector";
			sourceTree = "<group>";
		};
		2A79AC2D1223FB9B00F140A2 /* Interface Builder */ = {
			isa = PBXGroup;
			children = (
				FE3FFE13122F7904008B0E48 /* CaseViewerViewController.xib */,
				2A0974F3122BC7270048D841 /* LocationSelectorViewController.xib */,
				2A79AC1F1223FB7C00F140A2 /* CaseAddViewController.xib */,
				FE4EE77D1223F72E00737028 /* detailViewController.xib */,
				FE4EE77E1223F72E00737028 /* secondDetailViewController.xib */,
				FE4EE77F1223F72E00737028 /* typesViewController.xib */,
				28AD733E0D9D9553002E5188 /* MainWindow.xib */,
			);
			name = "Interface Builder";
			sourceTree = "<group>";
		};
		2A79AC2E1223FBB500F140A2 /* Add Case */ = {
			isa = PBXGroup;
			children = (
				FE1747A6122D2D3400641599 /* Component Cells */,
				2A79AC1E1223FB7C00F140A2 /* CaseAddViewController.h */,
				2A79AC1D1223FB7C00F140A2 /* CaseAddViewController.m */,
			);
			name = "Add Case";
			sourceTree = "<group>";
		};
		2A79AC2F1223FBC200F140A2 /* My Case */ = {
			isa = PBXGroup;
			children = (
				2A79AC2E1223FBB500F140A2 /* Add Case */,
				FEB39BD012388842007359AB /* MyCaseViewController.h */,
				FEB39BD112388842007359AB /* MyCaseViewController.m */,
			);
			name = "My Case";
			sourceTree = "<group>";
		};
		2A79AC301223FBCF00F140A2 /* Query Case */ = {
			isa = PBXGroup;
			children = (
				FEB39FE51238CF32007359AB /* QueryViewController.h */,
				FEB39FE61238CF32007359AB /* QueryViewController.m */,
			);
			name = "Query Case";
			sourceTree = "<group>";
		};
		2AC8B441122CB3CC007E3FC8 /* SBJSON */ = {
			isa = PBXGroup;
			children = (
				2AC8B447122CB478007E3FC8 /* SBJsonWriter.m */,
				2AC8B448122CB478007E3FC8 /* SBJsonWriter.h */,
				2AC8B449122CB478007E3FC8 /* SBJsonParser.m */,
				2AC8B44A122CB478007E3FC8 /* SBJsonParser.h */,
				2AC8B44B122CB478007E3FC8 /* SBJsonBase.m */,
				2AC8B44C122CB478007E3FC8 /* SBJsonBase.h */,
				2AC8B44D122CB478007E3FC8 /* SBJSON.m */,
				2AC8B44E122CB478007E3FC8 /* SBJSON.h */,
				2AC8B44F122CB478007E3FC8 /* NSString+SBJSON.m */,
				2AC8B450122CB478007E3FC8 /* NSString+SBJSON.h */,
				2AC8B451122CB478007E3FC8 /* NSObject+SBJSON.m */,
				2AC8B452122CB478007E3FC8 /* NSObject+SBJSON.h */,
				2AC8B453122CB478007E3FC8 /* JSON.h */,
			);
			name = SBJSON;
			sourceTree = "<group>";
		};
		2AEBFCBF124B22C30047B3E6 /* ASIHTTP */ = {
			isa = PBXGroup;
			children = (
				2AEBFCC1124B22FF0047B3E6 /* ASIAuthenticationDialog.h */,
				2AEBFCC2124B22FF0047B3E6 /* ASIAuthenticationDialog.m */,
				2AEBFCC3124B22FF0047B3E6 /* ASICacheDelegate.h */,
				2AEBFCC4124B22FF0047B3E6 /* ASIDownloadCache.h */,
				2AEBFCC5124B22FF0047B3E6 /* ASIDownloadCache.m */,
				2AEBFCC6124B22FF0047B3E6 /* ASIFormDataRequest.h */,
				2AEBFCC7124B22FF0047B3E6 /* ASIFormDataRequest.m */,
				2AEBFCC8124B22FF0047B3E6 /* ASIHTTPRequest.h */,
				2AEBFCC9124B22FF0047B3E6 /* ASIHTTPRequest.m */,
				2AEBFCCA124B22FF0047B3E6 /* ASIHTTPRequestConfig.h */,
				2AEBFCCB124B22FF0047B3E6 /* ASIHTTPRequestDelegate.h */,
				2AEBFCCC124B22FF0047B3E6 /* ASIInputStream.h */,
				2AEBFCCD124B22FF0047B3E6 /* ASIInputStream.m */,
				2AEBFCCE124B22FF0047B3E6 /* ASINetworkQueue.h */,
				2AEBFCCF124B22FF0047B3E6 /* ASINetworkQueue.m */,
				2AEBFCD0124B22FF0047B3E6 /* ASIProgressDelegate.h */,
				2AEBFCD1124B22FF0047B3E6 /* Reachability.h */,
				2AEBFCD2124B22FF0047B3E6 /* Reachability.m */,
			);
			name = ASIHTTP;
			sourceTree = "<group>";
		};
		FE17463D122D17A400641599 /* Icon And Pictures */ = {
			isa = PBXGroup;
			children = (
				FEEB20CC12394EDB00B24560 /* fail.png */,
				FEEB20CD12394EDB00B24560 /* ok.png */,
				FEEB20CE12394EDB00B24560 /* unknown.png */,
				FE17463B122D179C00641599 /* NoMyCase.png */,
			);
			name = "Icon And Pictures";
			sourceTree = "<group>";
		};
		FE1747A6122D2D3400641599 /* Component Cells */ = {
			isa = PBXGroup;
			children = (
				FE174733122D276400641599 /* PhotoPickerTableCell.h */,
				FE174734122D276400641599 /* PhotoPickerTableCell.m */,
				FE1747A7122D2D6B00641599 /* LocationSelectorTableCell.h */,
				FE1747A8122D2D6B00641599 /* LocationSelectorTableCell.m */,
				FE1747DB122D303500641599 /* NameFieldTableCell.h */,
				FE1747DC122D303500641599 /* NameFieldTableCell.m */,
				FE174801122D329C00641599 /* DescriptionTableCell.h */,
				FE174802122D329C00641599 /* DescriptionTableCell.m */,
			);
			name = "Component Cells";
			sourceTree = "<group>";
		};
		FE3FFE10122F78D0008B0E48 /* Case Viewer */ = {
			isa = PBXGroup;
			children = (
				FE3FFE11122F7904008B0E48 /* CaseViewerViewController.h */,
				FE3FFE12122F7904008B0E48 /* CaseViewerViewController.m */,
			);
			name = "Case Viewer";
			sourceTree = "<group>";
		};
		FE4EE7461223D50200737028 /* Types and Detail Selector */ = {
			isa = PBXGroup;
			children = (
				FE4EE7741223F6D100737028 /* detailViewController.h */,
				FE4EE7751223F6D100737028 /* detailViewController.m */,
				FE4EE7761223F6D100737028 /* secondDetailViewController.h */,
				FE4EE7771223F6D100737028 /* secondDetailViewController.m */,
				FE4EE7781223F6D100737028 /* typesViewController.h */,
				FE4EE7791223F6D100737028 /* typesViewController.m */,
				FE1E82591226A54000973DA4 /* TypeSelectorDelegateProtocol.h */,
			);
			name = "Types and Detail Selector";
			sourceTree = "<group>";
		};
		FE4EE75F1223F5F700737028 /* Types and Detail Strings */ = {
			isa = PBXGroup;
			children = (
				FE4EE76A1223F68F00737028 /* reportDetails.plist */,
				FE4EE76B1223F68F00737028 /* reportQid.plist */,
				FE4EE76C1223F68F00737028 /* reportSecondDetails.plist */,
				FE4EE76D1223F68F00737028 /* reportSections.plist */,
				FE4EE76E1223F68F00737028 /* reportTypes.plist */,
				FE7D048212352AA5007FA0A1 /* QidToType.plist */,
			);
			name = "Types and Detail Strings";
			sourceTree = "<group>";
		};
		FE8E4BB6124C35F9006AE713 /* External API */ = {
			isa = PBXGroup;
			children = (
				2AEBFCBF124B22C30047B3E6 /* ASIHTTP */,
				2AC8B441122CB3CC007E3FC8 /* SBJSON */,
			);
			name = "External API";
			sourceTree = "<group>";
		};
		FEB391BA123677A9007359AB /* Case Selector */ = {
			isa = PBXGroup;
			children = (
				FEB39A5A1237EF70007359AB /* QueryGoogleAppEngine.h */,
				FEB39A5B1237EF70007359AB /* QueryGoogleAppEngine.m */,
				FEB39CA212389597007359AB /* CaseSelectorViewController.h */,
				FEB39CA312389597007359AB /* CaseSelectorViewController.m */,
				FEEB1FEC12392E6B00B24560 /* CaseSelectorCell.h */,
				FEEB1FED12392E6B00B24560 /* CaseSelectorCell.m */,
			);
			name = "Case Selector";
			sourceTree = "<group>";
		};
/* End PBXGroup section */

/* Begin PBXNativeTarget section */
		1D6058900D05DD3D006BFB54 /* MGOV */ = {
			isa = PBXNativeTarget;
			buildConfigurationList = 1D6058960D05DD3E006BFB54 /* Build configuration list for PBXNativeTarget "MGOV" */;
			buildPhases = (
				1D60588D0D05DD3D006BFB54 /* Resources */,
				1D60588E0D05DD3D006BFB54 /* Sources */,
				1D60588F0D05DD3D006BFB54 /* Frameworks */,
			);
			buildRules = (
			);
			dependencies = (
			);
			name = MGOV;
			productName = MGOV;
			productReference = 1D6058910D05DD3D006BFB54 /* MGOV.app */;
			productType = "com.apple.product-type.application";
		};
/* End PBXNativeTarget section */

/* Begin PBXProject section */
		29B97313FDCFA39411CA2CEA /* Project object */ = {
			isa = PBXProject;
			attributes = {
				ORGANIZATIONNAME = "NTU Mobile HCI Lab";
			};
			buildConfigurationList = C01FCF4E08A954540054247B /* Build configuration list for PBXProject "MGOV" */;
			compatibilityVersion = "Xcode 3.1";
			developmentRegion = English;
			hasScannedForEncodings = 1;
			knownRegions = (
				English,
				Japanese,
				French,
				German,
			);
			mainGroup = 29B97314FDCFA39411CA2CEA /* CustomTemplate */;
			projectDirPath = "";
			projectRoot = "";
			targets = (
				1D6058900D05DD3D006BFB54 /* MGOV */,
			);
		};
/* End PBXProject section */

/* Begin PBXResourcesBuildPhase section */
		1D60588D0D05DD3D006BFB54 /* Resources */ = {
			isa = PBXResourcesBuildPhase;
			buildActionMask = 2147483647;
			files = (
				28AD733F0D9D9553002E5188 /* MainWindow.xib in Resources */,
				FE4EE76F1223F68F00737028 /* reportDetails.plist in Resources */,
				FE4EE7701223F68F00737028 /* reportQid.plist in Resources */,
				FE4EE7711223F68F00737028 /* reportSecondDetails.plist in Resources */,
				FE4EE7721223F68F00737028 /* reportSections.plist in Resources */,
				FE4EE7731223F68F00737028 /* reportTypes.plist in Resources */,
				FE4EE7801223F72E00737028 /* detailViewController.xib in Resources */,
				FE4EE7811223F72E00737028 /* secondDetailViewController.xib in Resources */,
				FE4EE7821223F72E00737028 /* typesViewController.xib in Resources */,
				2A79AC241223FB7C00F140A2 /* CaseAddViewController.xib in Resources */,
				FED3DDE81224EA3A001D3C73 /* UserInformation.plist in Resources */,
				2A0974F5122BC7270048D841 /* LocationSelectorViewController.xib in Resources */,
				FE17463C122D179C00641599 /* NoMyCase.png in Resources */,
				FE3FFE15122F7904008B0E48 /* CaseViewerViewController.xib in Resources */,
				FE7D048312352AA5007FA0A1 /* QidToType.plist in Resources */,
				FEEB20CF12394EDB00B24560 /* fail.png in Resources */,
				FEEB20D012394EDB00B24560 /* ok.png in Resources */,
				FEEB20D112394EDB00B24560 /* unknown.png in Resources */,
				2AE48A871240AE37005547F3 /* CaseAddTempInformation.plist in Resources */,
				FE71EE64125091E2008AF579 /* Icon.png in Resources */,
				FE71EE65125091E2008AF579 /* Icon@2x.png in Resources */,
				FE71EED61250C7E2008AF579 /* Icon-72.png in Resources */,
				FE71EED71250C7E2008AF579 /* Icon-Small-50.png in Resources */,
				FE71EED81250C7E2008AF579 /* Icon-Small.png in Resources */,
				FE71EED91250C7E2008AF579 /* Icon-Small@2x.png in Resources */,
				FE71EEDA1250C7E2008AF579 /* iTunesArtwork in Resources */,
			);
			runOnlyForDeploymentPostprocessing = 0;
		};
/* End PBXResourcesBuildPhase section */

/* Begin PBXSourcesBuildPhase section */
		1D60588E0D05DD3D006BFB54 /* Sources */ = {
			isa = PBXSourcesBuildPhase;
			buildActionMask = 2147483647;
			files = (
				1D60589B0D05DD56006BFB54 /* main.m in Sources */,
				1D3623260D0F684500981E51 /* MGOVAppDelegate.m in Sources */,
				FE4EE77A1223F6D100737028 /* detailViewController.m in Sources */,
				FE4EE77B1223F6D100737028 /* secondDetailViewController.m in Sources */,
				FE4EE77C1223F6D100737028 /* typesViewController.m in Sources */,
				2A79AC231223FB7C00F140A2 /* CaseAddViewController.m in Sources */,
				2A560ED41226A6E700F3800F /* MGOVGeocoder.m in Sources */,
				FEE81538122791BF00D82E46 /* AppMKAnnotation.m in Sources */,
				2A0974F4122BC7270048D841 /* LocationSelectorViewController.m in Sources */,
				2AC8B454122CB478007E3FC8 /* SBJsonWriter.m in Sources */,
				2AC8B455122CB478007E3FC8 /* SBJsonParser.m in Sources */,
				2AC8B456122CB478007E3FC8 /* SBJsonBase.m in Sources */,
				2AC8B457122CB478007E3FC8 /* SBJSON.m in Sources */,
				2AC8B458122CB478007E3FC8 /* NSString+SBJSON.m in Sources */,
				2AC8B459122CB478007E3FC8 /* NSObject+SBJSON.m in Sources */,
				FE174735122D276400641599 /* PhotoPickerTableCell.m in Sources */,
				FE1747A9122D2D6B00641599 /* LocationSelectorTableCell.m in Sources */,
				FE1747DD122D303500641599 /* NameFieldTableCell.m in Sources */,
				FE174803122D329C00641599 /* DescriptionTableCell.m in Sources */,
				FE3FFE14122F7904008B0E48 /* CaseViewerViewController.m in Sources */,
				FEF0D2C01230CACA000317C5 /* AppClassExtension.m in Sources */,
				FEB39A5C1237EF70007359AB /* QueryGoogleAppEngine.m in Sources */,
				FEB39BD212388842007359AB /* MyCaseViewController.m in Sources */,
				FEB39CA412389597007359AB /* CaseSelectorViewController.m in Sources */,
				FEB39FE71238CF32007359AB /* QueryViewController.m in Sources */,
				FEEB1FEE12392E6B00B24560 /* CaseSelectorCell.m in Sources */,
				2A85D1691239BA3800DB99C2 /* LoadingView.m in Sources */,
				2AEBFCD3124B22FF0047B3E6 /* ASIAuthenticationDialog.m in Sources */,
				2AEBFCD4124B22FF0047B3E6 /* ASIDownloadCache.m in Sources */,
				2AEBFCD5124B22FF0047B3E6 /* ASIFormDataRequest.m in Sources */,
				2AEBFCD6124B22FF0047B3E6 /* ASIHTTPRequest.m in Sources */,
				2AEBFCD7124B22FF0047B3E6 /* ASIInputStream.m in Sources */,
				2AEBFCD8124B22FF0047B3E6 /* ASINetworkQueue.m in Sources */,
				2AEBFCD9124B22FF0047B3E6 /* Reachability.m in Sources */,
			);
			runOnlyForDeploymentPostprocessing = 0;
		};
/* End PBXSourcesBuildPhase section */

/* Begin XCBuildConfiguration section */
		1D6058940D05DD3E006BFB54 /* Debug */ = {
			isa = XCBuildConfiguration;
			buildSettings = {
				ALWAYS_SEARCH_USER_PATHS = NO;
				CODE_SIGN_ENTITLEMENTS = "~/Projects/NTU Lab/ECO-living and M-GOV/src/MGOV/Entitlements.plist";
				"CODE_SIGN_IDENTITY[sdk=iphoneos*]" = "iPhone Developer";
				COPY_PHASE_STRIP = NO;
				GCC_DYNAMIC_NO_PIC = NO;
				GCC_OPTIMIZATION_LEVEL = 0;
				GCC_PRECOMPILE_PREFIX_HEADER = YES;
				GCC_PREFIX_HEADER = MGOV_Prefix.pch;
				INFOPLIST_FILE = "MGOV-Info.plist";
				PRODUCT_NAME = MGOV;
				"PROVISIONING_PROFILE[sdk=iphoneos*]" = "";
				SDKROOT = iphoneos4.1;
			};
			name = Debug;
		};
		1D6058950D05DD3E006BFB54 /* Release */ = {
			isa = XCBuildConfiguration;
			buildSettings = {
				ALWAYS_SEARCH_USER_PATHS = NO;
				CODE_SIGN_ENTITLEMENTS = "~/Projects/NTU Lab/ECO-living and M-GOV/src/MGOV/Entitlements.plist";
				"CODE_SIGN_IDENTITY[sdk=iphoneos*]" = "iPhone Developer";
				COPY_PHASE_STRIP = YES;
				GCC_PRECOMPILE_PREFIX_HEADER = YES;
				GCC_PREFIX_HEADER = MGOV_Prefix.pch;
				INFOPLIST_FILE = "MGOV-Info.plist";
				PRODUCT_NAME = MGOV;
				"PROVISIONING_PROFILE[sdk=iphoneos*]" = "";
				SDKROOT = iphoneos4.0;
				VALIDATE_PRODUCT = YES;
			};
			name = Release;
		};
		C01FCF4F08A954540054247B /* Debug */ = {
			isa = XCBuildConfiguration;
			buildSettings = {
				ARCHS = "$(ARCHS_STANDARD_32_BIT)";
				"CODE_SIGN_IDENTITY[sdk=iphoneos*]" = "iPhone Developer";
				GCC_C_LANGUAGE_STANDARD = c99;
				GCC_WARN_ABOUT_RETURN_TYPE = YES;
				GCC_WARN_UNUSED_VARIABLE = YES;
				IPHONEOS_DEPLOYMENT_TARGET = 4.0;
				PREBINDING = NO;
				"PROVISIONING_PROFILE[sdk=iphoneos*]" = "";
				SDKROOT = iphoneos4.1;
			};
			name = Debug;
		};
		C01FCF5008A954540054247B /* Release */ = {
			isa = XCBuildConfiguration;
			buildSettings = {
				ARCHS = "$(ARCHS_UNIVERSAL_IPHONE_OS)";
				"CODE_SIGN_IDENTITY[sdk=iphoneos*]" = "iPhone Developer";
				GCC_C_LANGUAGE_STANDARD = c99;
				GCC_VERSION = com.apple.compilers.llvmgcc42;
				GCC_WARN_ABOUT_RETURN_TYPE = YES;
				GCC_WARN_UNUSED_VARIABLE = YES;
				IPHONEOS_DEPLOYMENT_TARGET = 4.0;
				OTHER_CFLAGS = "-DNS_BLOCK_ASSERTIONS=1";
				PREBINDING = NO;
				"PROVISIONING_PROFILE[sdk=iphoneos*]" = "";
				SDKROOT = iphoneos4.1;
			};
			name = Release;
		};
		FE71EE9C1250BE54008AF579 /* Distribution */ = {
			isa = XCBuildConfiguration;
			buildSettings = {
				ARCHS = "$(ARCHS_UNIVERSAL_IPHONE_OS)";
				"CODE_SIGN_IDENTITY[sdk=iphoneos*]" = "iPhone Developer";
				GCC_C_LANGUAGE_STANDARD = c99;
				GCC_VERSION = com.apple.compilers.llvmgcc42;
				GCC_WARN_ABOUT_RETURN_TYPE = YES;
				GCC_WARN_UNUSED_VARIABLE = YES;
				IPHONEOS_DEPLOYMENT_TARGET = 4.0;
				OTHER_CFLAGS = "-DNS_BLOCK_ASSERTIONS=1";
				PREBINDING = NO;
				"PROVISIONING_PROFILE[sdk=iphoneos*]" = "";
				SDKROOT = iphoneos4.1;
			};
			name = Distribution;
		};
		FE71EE9D1250BE54008AF579 /* Distribution */ = {
			isa = XCBuildConfiguration;
			buildSettings = {
				ALWAYS_SEARCH_USER_PATHS = NO;
				ARCHS = "$(ARCHS_STANDARD_32_BIT)";
				CODE_SIGN_ENTITLEMENTS = Entitlements.plist;
				"CODE_SIGN_IDENTITY[sdk=iphoneos*]" = "iPhone Distribution";
				COPY_PHASE_STRIP = YES;
				GCC_PRECOMPILE_PREFIX_HEADER = YES;
				GCC_PREFIX_HEADER = MGOV_Prefix.pch;
				INFOPLIST_FILE = "MGOV-Info.plist";
				PRODUCT_NAME = MGOV;
				"PROVISIONING_PROFILE[sdk=iphoneos*]" = "";
				SDKROOT = iphoneos4.1;
				VALIDATE_PRODUCT = YES;
			};
			name = Distribution;
		};
/* End XCBuildConfiguration section */

/* Begin XCConfigurationList section */
		1D6058960D05DD3E006BFB54 /* Build configuration list for PBXNativeTarget "MGOV" */ = {
			isa = XCConfigurationList;
			buildConfigurations = (
				1D6058940D05DD3E006BFB54 /* Debug */,
				1D6058950D05DD3E006BFB54 /* Release */,
				FE71EE9D1250BE54008AF579 /* Distribution */,
			);
			defaultConfigurationIsVisible = 0;
			defaultConfigurationName = Release;
		};
		C01FCF4E08A954540054247B /* Build configuration list for PBXProject "MGOV" */ = {
			isa = XCConfigurationList;
			buildConfigurations = (
				C01FCF4F08A954540054247B /* Debug */,
				C01FCF5008A954540054247B /* Release */,
				FE71EE9C1250BE54008AF579 /* Distribution */,
			);
			defaultConfigurationIsVisible = 0;
			defaultConfigurationName = Release;
		};
/* End XCConfigurationList section */
	};
	rootObject = 29B97313FDCFA39411CA2CEA /* Project object */;
}
